// !$*UTF8*$!
{
	archiveVersion = 1;
	classes = {
	};
	objectVersion = 46;
	objects = {

/* Begin PBXBuildFile section */
		2023EDA71C4ED09C0087FD67 /* AppDelegate.swift in Sources */ = {isa = PBXBuildFile; fileRef = 2023EDA61C4ED09C0087FD67 /* AppDelegate.swift */; };
		2023EDA91C4ED09C0087FD67 /* Assets.xcassets in Resources */ = {isa = PBXBuildFile; fileRef = 2023EDA81C4ED09C0087FD67 /* Assets.xcassets */; };
		2023EDAC1C4ED09C0087FD67 /* MainMenu.xib in Resources */ = {isa = PBXBuildFile; fileRef = 2023EDAA1C4ED09C0087FD67 /* MainMenu.xib */; };
		202C319F1C528958003D5E5A /* ConfigureViewController.swift in Sources */ = {isa = PBXBuildFile; fileRef = 202C319D1C528958003D5E5A /* ConfigureViewController.swift */; };
		202C31A01C528958003D5E5A /* ConfigureViewController.xib in Resources */ = {isa = PBXBuildFile; fileRef = 202C319E1C528958003D5E5A /* ConfigureViewController.xib */; };
		202C31A21C528FE7003D5E5A /* EventMonitor.swift in Sources */ = {isa = PBXBuildFile; fileRef = 202C31A11C528FE7003D5E5A /* EventMonitor.swift */; };
		20459C621C5C4E2D004D0DC1 /* WeatherConditions.swift in Sources */ = {isa = PBXBuildFile; fileRef = 20459C611C5C4E2D004D0DC1 /* WeatherConditions.swift */; };
		2097A4011C5277B1001EA615 /* Keys.example.plist in Resources */ = {isa = PBXBuildFile; fileRef = 2097A4001C5277B1001EA615 /* Keys.example.plist */; };
		2097A4031C527878001EA615 /* Keys.plist in Resources */ = {isa = PBXBuildFile; fileRef = 2097A4021C527878001EA615 /* Keys.plist */; };
		6F2C960B055038A1106167A1 /* Pods_SwiftWeather.framework in Frameworks */ = {isa = PBXBuildFile; fileRef = 131FC65360DA4CD8251F4174 /* Pods_SwiftWeather.framework */; };
/* End PBXBuildFile section */

/* Begin PBXFileReference section */
		131FC65360DA4CD8251F4174 /* Pods_SwiftWeather.framework */ = {isa = PBXFileReference; explicitFileType = wrapper.framework; includeInIndex = 0; path = Pods_SwiftWeather.framework; sourceTree = BUILT_PRODUCTS_DIR; };
		2023EDA31C4ED09C0087FD67 /* SwiftWeather.app */ = {isa = PBXFileReference; explicitFileType = wrapper.application; includeInIndex = 0; path = SwiftWeather.app; sourceTree = BUILT_PRODUCTS_DIR; };
		2023EDA61C4ED09C0087FD67 /* AppDelegate.swift */ = {isa = PBXFileReference; lastKnownFileType = sourcecode.swift; path = AppDelegate.swift; sourceTree = "<group>"; };
		2023EDA81C4ED09C0087FD67 /* Assets.xcassets */ = {isa = PBXFileReference; lastKnownFileType = folder.assetcatalog; path = Assets.xcassets; sourceTree = "<group>"; };
		2023EDAB1C4ED09C0087FD67 /* Base */ = {isa = PBXFileReference; lastKnownFileType = file.xib; name = Base; path = Base.lproj/MainMenu.xib; sourceTree = "<group>"; };
		2023EDAD1C4ED09C0087FD67 /* Info.plist */ = {isa = PBXFileReference; lastKnownFileType = text.plist.xml; path = Info.plist; sourceTree = "<group>"; };
		202C319D1C528958003D5E5A /* ConfigureViewController.swift */ = {isa = PBXFileReference; fileEncoding = 4; lastKnownFileType = sourcecode.swift; path = ConfigureViewController.swift; sourceTree = "<group>"; };
		202C319E1C528958003D5E5A /* ConfigureViewController.xib */ = {isa = PBXFileReference; fileEncoding = 4; lastKnownFileType = file.xib; path = ConfigureViewController.xib; sourceTree = "<group>"; };
		202C31A11C528FE7003D5E5A /* EventMonitor.swift */ = {isa = PBXFileReference; fileEncoding = 4; lastKnownFileType = sourcecode.swift; path = EventMonitor.swift; sourceTree = "<group>"; };
		20459C611C5C4E2D004D0DC1 /* WeatherConditions.swift */ = {isa = PBXFileReference; fileEncoding = 4; lastKnownFileType = sourcecode.swift; path = WeatherConditions.swift; sourceTree = "<group>"; };
		2097A4001C5277B1001EA615 /* Keys.example.plist */ = {isa = PBXFileReference; fileEncoding = 4; lastKnownFileType = text.plist.xml; path = Keys.example.plist; sourceTree = "<group>"; };
		2097A4021C527878001EA615 /* Keys.plist */ = {isa = PBXFileReference; fileEncoding = 4; lastKnownFileType = text.plist.xml; path = Keys.plist; sourceTree = "<group>"; };
		46B01A4D76F1AB5EC81A50DF /* Pods-SwiftWeather.release.xcconfig */ = {isa = PBXFileReference; includeInIndex = 1; lastKnownFileType = text.xcconfig; name = "Pods-SwiftWeather.release.xcconfig"; path = "Pods/Target Support Files/Pods-SwiftWeather/Pods-SwiftWeather.release.xcconfig"; sourceTree = "<group>"; };
		E4B69A7F33C998FC16F97C50 /* Pods-SwiftWeather.debug.xcconfig */ = {isa = PBXFileReference; includeInIndex = 1; lastKnownFileType = text.xcconfig; name = "Pods-SwiftWeather.debug.xcconfig"; path = "Pods/Target Support Files/Pods-SwiftWeather/Pods-SwiftWeather.debug.xcconfig"; sourceTree = "<group>"; };
/* End PBXFileReference section */

/* Begin PBXFrameworksBuildPhase section */
		2023EDA01C4ED09C0087FD67 /* Frameworks */ = {
			isa = PBXFrameworksBuildPhase;
			buildActionMask = 2147483647;
			files = (
				6F2C960B055038A1106167A1 /* Pods_SwiftWeather.framework in Frameworks */,
			);
			runOnlyForDeploymentPostprocessing = 0;
		};
/* End PBXFrameworksBuildPhase section */

/* Begin PBXGroup section */
		2023ED9A1C4ED09C0087FD67 = {
			isa = PBXGroup;
			children = (
				2023EDA51C4ED09C0087FD67 /* SwiftWeather */,
				2023EDA41C4ED09C0087FD67 /* Products */,
				FDB31172793B5B917C413BC8 /* Pods */,
				BF848D6F74093EEA00A37228 /* Frameworks */,
			);
			sourceTree = "<group>";
		};
		2023EDA41C4ED09C0087FD67 /* Products */ = {
			isa = PBXGroup;
			children = (
				2023EDA31C4ED09C0087FD67 /* SwiftWeather.app */,
			);
			name = Products;
			sourceTree = "<group>";
		};
		2023EDA51C4ED09C0087FD67 /* SwiftWeather */ = {
			isa = PBXGroup;
			children = (
				2023EDA61C4ED09C0087FD67 /* AppDelegate.swift */,
				2023EDA81C4ED09C0087FD67 /* Assets.xcassets */,
				2023EDAA1C4ED09C0087FD67 /* MainMenu.xib */,
				2023EDAD1C4ED09C0087FD67 /* Info.plist */,
				2097A4001C5277B1001EA615 /* Keys.example.plist */,
				2097A4021C527878001EA615 /* Keys.plist */,
				202C319D1C528958003D5E5A /* ConfigureViewController.swift */,
				202C319E1C528958003D5E5A /* ConfigureViewController.xib */,
				202C31A11C528FE7003D5E5A /* EventMonitor.swift */,
				20459C611C5C4E2D004D0DC1 /* WeatherConditions.swift */,
			);
			path = SwiftWeather;
			sourceTree = "<group>";
		};
		BF848D6F74093EEA00A37228 /* Frameworks */ = {
			isa = PBXGroup;
			children = (
				131FC65360DA4CD8251F4174 /* Pods_SwiftWeather.framework */,
			);
			name = Frameworks;
			sourceTree = "<group>";
		};
		FDB31172793B5B917C413BC8 /* Pods */ = {
			isa = PBXGroup;
			children = (
				E4B69A7F33C998FC16F97C50 /* Pods-SwiftWeather.debug.xcconfig */,
				46B01A4D76F1AB5EC81A50DF /* Pods-SwiftWeather.release.xcconfig */,
			);
			name = Pods;
			sourceTree = "<group>";
		};
/* End PBXGroup section */

/* Begin PBXNativeTarget section */
		2023EDA21C4ED09C0087FD67 /* SwiftWeather */ = {
			isa = PBXNativeTarget;
			buildConfigurationList = 2023EDB01C4ED09C0087FD67 /* Build configuration list for PBXNativeTarget "SwiftWeather" */;
			buildPhases = (
				1D79E44110E7D104064B3DEB /* Check Pods Manifest.lock */,
				2023ED9F1C4ED09C0087FD67 /* Sources */,
				2023EDA01C4ED09C0087FD67 /* Frameworks */,
				2023EDA11C4ED09C0087FD67 /* Resources */,
				544FCC0C38D349B75139D940 /* Embed Pods Frameworks */,
				8B522EAAD43CD919A574C0F3 /* Copy Pods Resources */,
			);
			buildRules = (
			);
			dependencies = (
			);
			name = SwiftWeather;
			productName = SwiftWeather;
			productReference = 2023EDA31C4ED09C0087FD67 /* SwiftWeather.app */;
			productType = "com.apple.product-type.application";
		};
/* End PBXNativeTarget section */

/* Begin PBXProject section */
		2023ED9B1C4ED09C0087FD67 /* Project object */ = {
			isa = PBXProject;
			attributes = {
				LastSwiftUpdateCheck = 0720;
				LastUpgradeCheck = 0720;
				ORGANIZATIONNAME = "Inder Dhir";
				TargetAttributes = {
					2023EDA21C4ED09C0087FD67 = {
						CreatedOnToolsVersion = 7.2;
						DevelopmentTeam = Q8X4D3A8MT;
						SystemCapabilities = {
							com.apple.Sandbox = {
								enabled = 0;
							};
						};
					};
				};
			};
			buildConfigurationList = 2023ED9E1C4ED09C0087FD67 /* Build configuration list for PBXProject "SwiftWeather" */;
			compatibilityVersion = "Xcode 3.2";
			developmentRegion = English;
			hasScannedForEncodings = 0;
			knownRegions = (
				en,
				Base,
			);
			mainGroup = 2023ED9A1C4ED09C0087FD67;
			productRefGroup = 2023EDA41C4ED09C0087FD67 /* Products */;
			projectDirPath = "";
			projectRoot = "";
			targets = (
				2023EDA21C4ED09C0087FD67 /* SwiftWeather */,
			);
		};
/* End PBXProject section */

/* Begin PBXResourcesBuildPhase section */
		2023EDA11C4ED09C0087FD67 /* Resources */ = {
			isa = PBXResourcesBuildPhase;
			buildActionMask = 2147483647;
			files = (
				2023EDA91C4ED09C0087FD67 /* Assets.xcassets in Resources */,
				2023EDAC1C4ED09C0087FD67 /* MainMenu.xib in Resources */,
				2097A4011C5277B1001EA615 /* Keys.example.plist in Resources */,
				202C31A01C528958003D5E5A /* ConfigureViewController.xib in Resources */,
				2097A4031C527878001EA615 /* Keys.plist in Resources */,
			);
			runOnlyForDeploymentPostprocessing = 0;
		};
/* End PBXResourcesBuildPhase section */

/* Begin PBXShellScriptBuildPhase section */
		1D79E44110E7D104064B3DEB /* Check Pods Manifest.lock */ = {
			isa = PBXShellScriptBuildPhase;
			buildActionMask = 2147483647;
			files = (
			);
			inputPaths = (
			);
			name = "Check Pods Manifest.lock";
			outputPaths = (
			);
			runOnlyForDeploymentPostprocessing = 0;
			shellPath = /bin/sh;
			shellScript = "diff \"${PODS_ROOT}/../Podfile.lock\" \"${PODS_ROOT}/Manifest.lock\" > /dev/null\nif [[ $? != 0 ]] ; then\n    cat << EOM\nerror: The sandbox is not in sync with the Podfile.lock. Run 'pod install' or update your CocoaPods installation.\nEOM\n    exit 1\nfi\n";
			showEnvVarsInLog = 0;
		};
		544FCC0C38D349B75139D940 /* Embed Pods Frameworks */ = {
			isa = PBXShellScriptBuildPhase;
			buildActionMask = 2147483647;
			files = (
			);
			inputPaths = (
			);
			name = "Embed Pods Frameworks";
			outputPaths = (
			);
			runOnlyForDeploymentPostprocessing = 0;
			shellPath = /bin/sh;
			shellScript = "\"${SRCROOT}/Pods/Target Support Files/Pods-SwiftWeather/Pods-SwiftWeather-frameworks.sh\"\n";
			showEnvVarsInLog = 0;
		};
		8B522EAAD43CD919A574C0F3 /* Copy Pods Resources */ = {
			isa = PBXShellScriptBuildPhase;
			buildActionMask = 2147483647;
			files = (
			);
			inputPaths = (
			);
			name = "Copy Pods Resources";
			outputPaths = (
			);
			runOnlyForDeploymentPostprocessing = 0;
			shellPath = /bin/sh;
			shellScript = "\"${SRCROOT}/Pods/Target Support Files/Pods-SwiftWeather/Pods-SwiftWeather-resources.sh\"\n";
			showEnvVarsInLog = 0;
		};
/* End PBXShellScriptBuildPhase section */

/* Begin PBXSourcesBuildPhase section */
		2023ED9F1C4ED09C0087FD67 /* Sources */ = {
			isa = PBXSourcesBuildPhase;
			buildActionMask = 2147483647;
			files = (
				20459C621C5C4E2D004D0DC1 /* WeatherConditions.swift in Sources */,
				202C31A21C528FE7003D5E5A /* EventMonitor.swift in Sources */,
				2023EDA71C4ED09C0087FD67 /* AppDelegate.swift in Sources */,
				202C319F1C528958003D5E5A /* ConfigureViewController.swift in Sources */,
			);
			runOnlyForDeploymentPostprocessing = 0;
		};
/* End PBXSourcesBuildPhase section */

/* Begin PBXVariantGroup section */
		2023EDAA1C4ED09C0087FD67 /* MainMenu.xib */ = {
			isa = PBXVariantGroup;
			children = (
				2023EDAB1C4ED09C0087FD67 /* Base */,
			);
			name = MainMenu.xib;
			sourceTree = "<group>";
		};
/* End PBXVariantGroup section */

/* Begin XCBuildConfiguration section */
		2023EDAE1C4ED09C0087FD67 /* Debug */ = {
			isa = XCBuildConfiguration;
			buildSettings = {
				ALWAYS_SEARCH_USER_PATHS = NO;
				CLANG_CXX_LANGUAGE_STANDARD = "gnu++0x";
				CLANG_CXX_LIBRARY = "libc++";
				CLANG_ENABLE_MODULES = YES;
				CLANG_ENABLE_OBJC_ARC = YES;
				CLANG_WARN_BOOL_CONVERSION = YES;
				CLANG_WARN_CONSTANT_CONVERSION = YES;
				CLANG_WARN_DIRECT_OBJC_ISA_USAGE = YES_ERROR;
				CLANG_WARN_EMPTY_BODY = YES;
				CLANG_WARN_ENUM_CONVERSION = YES;
				CLANG_WARN_INT_CONVERSION = YES;
				CLANG_WARN_OBJC_ROOT_CLASS = YES_ERROR;
				CLANG_WARN_UNREACHABLE_CODE = YES;
				CLANG_WARN__DUPLICATE_METHOD_MATCH = YES;
				CODE_SIGN_IDENTITY = "-";
				COPY_PHASE_STRIP = NO;
				DEBUG_INFORMATION_FORMAT = dwarf;
				ENABLE_STRICT_OBJC_MSGSEND = YES;
				ENABLE_TESTABILITY = YES;
				GCC_C_LANGUAGE_STANDARD = gnu99;
				GCC_DYNAMIC_NO_PIC = NO;
				GCC_NO_COMMON_BLOCKS = YES;
				GCC_OPTIMIZATION_LEVEL = 0;
				GCC_PREPROCESSOR_DEFINITIONS = (
					"DEBUG=1",
					"$(inherited)",
				);
				GCC_WARN_64_TO_32_BIT_CONVERSION = YES;
				GCC_WARN_ABOUT_RETURN_TYPE = YES_ERROR;
				GCC_WARN_UNDECLARED_SELECTOR = YES;
				GCC_WARN_UNINITIALIZED_AUTOS = YES_AGGRESSIVE;
				GCC_WARN_UNUSED_FUNCTION = YES;
				GCC_WARN_UNUSED_VARIABLE = YES;
				MACOSX_DEPLOYMENT_TARGET = 10.11;
				MTL_ENABLE_DEBUG_INFO = YES;
				ONLY_ACTIVE_ARCH = YES;
				SDKROOT = macosx;
				SWIFT_OPTIMIZATION_LEVEL = "-Onone";
			};
			name = Debug;
		};
		2023EDAF1C4ED09C0087FD67 /* Release */ = {
			isa = XCBuildConfiguration;
			buildSettings = {
				ALWAYS_SEARCH_USER_PATHS = NO;
				CLANG_CXX_LANGUAGE_STANDARD = "gnu++0x";
				CLANG_CXX_LIBRARY = "libc++";
				CLANG_ENABLE_MODULES = YES;
				CLANG_ENABLE_OBJC_ARC = YES;
				CLANG_WARN_BOOL_CONVERSION = YES;
				CLANG_WARN_CONSTANT_CONVERSION = YES;
				CLANG_WARN_DIRECT_OBJC_ISA_USAGE = YES_ERROR;
				CLANG_WARN_EMPTY_BODY = YES;
				CLANG_WARN_ENUM_CONVERSION = YES;
				CLANG_WARN_INT_CONVERSION = YES;
				CLANG_WARN_OBJC_ROOT_CLASS = YES_ERROR;
				CLANG_WARN_UNREACHABLE_CODE = YES;
				CLANG_WARN__DUPLICATE_METHOD_MATCH = YES;
				CODE_SIGN_IDENTITY = "-";
				COPY_PHASE_STRIP = NO;
				DEBUG_INFORMATION_FORMAT = "dwarf-with-dsym";
				ENABLE_NS_ASSERTIONS = NO;
				ENABLE_STRICT_OBJC_MSGSEND = YES;
				GCC_C_LANGUAGE_STANDARD = gnu99;
				GCC_NO_COMMON_BLOCKS = YES;
				GCC_WARN_64_TO_32_BIT_CONVERSION = YES;
				GCC_WARN_ABOUT_RETURN_TYPE = YES_ERROR;
				GCC_WARN_UNDECLARED_SELECTOR = YES;
				GCC_WARN_UNINITIALIZED_AUTOS = YES_AGGRESSIVE;
				GCC_WARN_UNUSED_FUNCTION = YES;
				GCC_WARN_UNUSED_VARIABLE = YES;
				MACOSX_DEPLOYMENT_TARGET = 10.11;
				MTL_ENABLE_DEBUG_INFO = NO;
				SDKROOT = macosx;
			};
			name = Release;
		};
		2023EDB11C4ED09C0087FD67 /* Debug */ = {
			isa = XCBuildConfiguration;
			baseConfigurationReference = E4B69A7F33C998FC16F97C50 /* Pods-SwiftWeather.debug.xcconfig */;
			buildSettings = {
				ASSETCATALOG_COMPILER_APPICON_NAME = AppIcon;
				CODE_SIGN_IDENTITY = "Mac Developer";
				"CODE_SIGN_IDENTITY[sdk=macosx*]" = "Mac Developer";
				COMBINE_HIDPI_IMAGES = YES;
				INFOPLIST_FILE = SwiftWeather/Info.plist;
				LD_RUNPATH_SEARCH_PATHS = "$(inherited) @executable_path/../Frameworks";
				PRODUCT_BUNDLE_IDENTIFIER = com.inderdhir.SwiftWeather;
				PRODUCT_NAME = "$(TARGET_NAME)";
				PROVISIONING_PROFILE = "";
			};
			name = Debug;
		};
		2023EDB21C4ED09C0087FD67 /* Release */ = {
			isa = XCBuildConfiguration;
			baseConfigurationReference = 46B01A4D76F1AB5EC81A50DF /* Pods-SwiftWeather.release.xcconfig */;
			buildSettings = {
				ASSETCATALOG_COMPILER_APPICON_NAME = AppIcon;
				CODE_SIGN_IDENTITY = "Mac Developer";
				"CODE_SIGN_IDENTITY[sdk=macosx*]" = "Mac Developer";
				COMBINE_HIDPI_IMAGES = YES;
				INFOPLIST_FILE = SwiftWeather/Info.plist;
				LD_RUNPATH_SEARCH_PATHS = "$(inherited) @executable_path/../Frameworks";
				PRODUCT_BUNDLE_IDENTIFIER = com.inderdhir.SwiftWeather;
				PRODUCT_NAME = "$(TARGET_NAME)";
				PROVISIONING_PROFILE = "";
			};
			name = Release;
		};
/* End XCBuildConfiguration section */

/* Begin XCConfigurationList section */
		2023ED9E1C4ED09C0087FD67 /* Build configuration list for PBXProject "SwiftWeather" */ = {
			isa = XCConfigurationList;
			buildConfigurations = (
				2023EDAE1C4ED09C0087FD67 /* Debug */,
				2023EDAF1C4ED09C0087FD67 /* Release */,
			);
			defaultConfigurationIsVisible = 0;
			defaultConfigurationName = Release;
		};
		2023EDB01C4ED09C0087FD67 /* Build configuration list for PBXNativeTarget "SwiftWeather" */ = {
			isa = XCConfigurationList;
			buildConfigurations = (
				2023EDB11C4ED09C0087FD67 /* Debug */,
				2023EDB21C4ED09C0087FD67 /* Release */,
			);
			defaultConfigurationIsVisible = 0;
			defaultConfigurationName = Release;
		};
/* End XCConfigurationList section */
	};
	rootObject = 2023ED9B1C4ED09C0087FD67 /* Project object */;
}
