// !$*UTF8*$!
{
	archiveVersion = 1;
	classes = {
	};
	objectVersion = 54;
	objects = {

/* Begin PBXBuildFile section */
		20012FA6267980EE00553B60 /* Reachability in Frameworks */ = {isa = PBXBuildFile; productRef = 20012FA5267980EE00553B60 /* Reachability */; };
		201C6C4620262E380065E795 /* WeatherAPIResponse.swift in Sources */ = {isa = PBXBuildFile; fileRef = 201C6C4520262E380065E795 /* WeatherAPIResponse.swift */; };
		2023EDA71C4ED09C0087FD67 /* AppDelegate.swift in Sources */ = {isa = PBXBuildFile; fileRef = 2023EDA61C4ED09C0087FD67 /* AppDelegate.swift */; };
		2023EDA91C4ED09C0087FD67 /* Assets.xcassets in Resources */ = {isa = PBXBuildFile; fileRef = 2023EDA81C4ED09C0087FD67 /* Assets.xcassets */; };
		2023EDAC1C4ED09C0087FD67 /* MainMenu.xib in Resources */ = {isa = PBXBuildFile; fileRef = 2023EDAA1C4ED09C0087FD67 /* MainMenu.xib */; };
		202C319F1C528958003D5E5A /* ConfigureViewController.swift in Sources */ = {isa = PBXBuildFile; fileRef = 202C319D1C528958003D5E5A /* ConfigureViewController.swift */; };
		202C31A01C528958003D5E5A /* ConfigureViewController.xib in Resources */ = {isa = PBXBuildFile; fileRef = 202C319E1C528958003D5E5A /* ConfigureViewController.xib */; };
		202C31A21C528FE7003D5E5A /* EventMonitor.swift in Sources */ = {isa = PBXBuildFile; fileRef = 202C31A11C528FE7003D5E5A /* EventMonitor.swift */; };
		2030FE7E26614217002D4D45 /* DatWeatherDoeLogger.swift in Sources */ = {isa = PBXBuildFile; fileRef = 2030FE7D26614217002D4D45 /* DatWeatherDoeLogger.swift */; };
		20459C621C5C4E2D004D0DC1 /* WeatherCondition.swift in Sources */ = {isa = PBXBuildFile; fileRef = 20459C611C5C4E2D004D0DC1 /* WeatherCondition.swift */; };
		20459C641C5C50DA004D0DC1 /* ConfigManager.swift in Sources */ = {isa = PBXBuildFile; fileRef = 20459C631C5C50DA004D0DC1 /* ConfigManager.swift */; };
		20459C661C5D24FF004D0DC1 /* WeatherRepository.swift in Sources */ = {isa = PBXBuildFile; fileRef = 20459C651C5D24FF004D0DC1 /* WeatherRepository.swift */; };
		206523C826597B120026C506 /* WeatherError.swift in Sources */ = {isa = PBXBuildFile; fileRef = 206523C726597B120026C506 /* WeatherError.swift */; };
		206523CB26597EE40026C506 /* TemperatureUnit.swift in Sources */ = {isa = PBXBuildFile; fileRef = 206523CA26597EE40026C506 /* TemperatureUnit.swift */; };
		206523D1265984DC0026C506 /* WeatherRepositoryType.swift in Sources */ = {isa = PBXBuildFile; fileRef = 206523D0265984DC0026C506 /* WeatherRepositoryType.swift */; };
		206523D3265985280026C506 /* ConfigManagerType.swift in Sources */ = {isa = PBXBuildFile; fileRef = 206523D2265985280026C506 /* ConfigManagerType.swift */; };
		206523D62659A92B0026C506 /* WeatherDecorator.swift in Sources */ = {isa = PBXBuildFile; fileRef = 206523D52659A92B0026C506 /* WeatherDecorator.swift */; };
		206523D92659CC570026C506 /* WeatherDecoratorType.swift in Sources */ = {isa = PBXBuildFile; fileRef = 206523D82659CC570026C506 /* WeatherDecoratorType.swift */; };
		206523DB2659CD4E0026C506 /* UserDefaultsBacked.swift in Sources */ = {isa = PBXBuildFile; fileRef = 206523DA2659CD4E0026C506 /* UserDefaultsBacked.swift */; };
		206523DD265ABDF30026C506 /* ConfigManagerTests.swift in Sources */ = {isa = PBXBuildFile; fileRef = 206523DC265ABDF30026C506 /* ConfigManagerTests.swift */; };
		206523FB265AD5730026C506 /* WeatherSource.swift in Sources */ = {isa = PBXBuildFile; fileRef = 206523FA265AD5730026C506 /* WeatherSource.swift */; };
		206523FD265AF03E0026C506 /* RefreshInterval.swift in Sources */ = {isa = PBXBuildFile; fileRef = 206523FC265AF03E0026C506 /* RefreshInterval.swift */; };
		20B952FC2682DAD20016F20A /* InfoPlist.strings in Resources */ = {isa = PBXBuildFile; fileRef = 20B952FA2682DAD20016F20A /* InfoPlist.strings */; };
		20B952FF2682DAD20016F20A /* Localizable.strings in Resources */ = {isa = PBXBuildFile; fileRef = 20B952FD2682DAD20016F20A /* Localizable.strings */; };
		20BF8B342729176700474436 /* Keys.plist in Resources */ = {isa = PBXBuildFile; fileRef = 20BF8B332729176700474436 /* Keys.plist */; };
		20F17D3A26597A02003A164E /* WeatherData.swift in Sources */ = {isa = PBXBuildFile; fileRef = 20F17D3926597A02003A164E /* WeatherData.swift */; };
/* End PBXBuildFile section */

/* Begin PBXContainerItemProxy section */
		61D04A341C7B7BCF00CBE6AE /* PBXContainerItemProxy */ = {
			isa = PBXContainerItemProxy;
			containerPortal = 2023ED9B1C4ED09C0087FD67 /* Project object */;
			proxyType = 1;
			remoteGlobalIDString = 2023EDA21C4ED09C0087FD67;
			remoteInfo = SwiftWeather;
		};
/* End PBXContainerItemProxy section */

/* Begin PBXFileReference section */
		201C6C4520262E380065E795 /* WeatherAPIResponse.swift */ = {isa = PBXFileReference; lastKnownFileType = sourcecode.swift; path = WeatherAPIResponse.swift; sourceTree = "<group>"; };
		2023EDA31C4ED09C0087FD67 /* DatWeatherDoe.app */ = {isa = PBXFileReference; explicitFileType = wrapper.application; includeInIndex = 0; path = DatWeatherDoe.app; sourceTree = BUILT_PRODUCTS_DIR; };
		2023EDA61C4ED09C0087FD67 /* AppDelegate.swift */ = {isa = PBXFileReference; lastKnownFileType = sourcecode.swift; path = AppDelegate.swift; sourceTree = "<group>"; };
		2023EDA81C4ED09C0087FD67 /* Assets.xcassets */ = {isa = PBXFileReference; lastKnownFileType = folder.assetcatalog; path = Assets.xcassets; sourceTree = "<group>"; };
		2023EDAB1C4ED09C0087FD67 /* Base */ = {isa = PBXFileReference; lastKnownFileType = file.xib; name = Base; path = Base.lproj/MainMenu.xib; sourceTree = "<group>"; };
		2023EDAD1C4ED09C0087FD67 /* Info.plist */ = {isa = PBXFileReference; lastKnownFileType = text.plist.xml; path = Info.plist; sourceTree = "<group>"; };
		202C319D1C528958003D5E5A /* ConfigureViewController.swift */ = {isa = PBXFileReference; fileEncoding = 4; lastKnownFileType = sourcecode.swift; path = ConfigureViewController.swift; sourceTree = "<group>"; };
		202C319E1C528958003D5E5A /* ConfigureViewController.xib */ = {isa = PBXFileReference; fileEncoding = 4; lastKnownFileType = file.xib; path = ConfigureViewController.xib; sourceTree = "<group>"; };
		202C31A11C528FE7003D5E5A /* EventMonitor.swift */ = {isa = PBXFileReference; fileEncoding = 4; lastKnownFileType = sourcecode.swift; path = EventMonitor.swift; sourceTree = "<group>"; };
		2030FE7D26614217002D4D45 /* DatWeatherDoeLogger.swift */ = {isa = PBXFileReference; lastKnownFileType = sourcecode.swift; path = DatWeatherDoeLogger.swift; sourceTree = "<group>"; };
		20459C611C5C4E2D004D0DC1 /* WeatherCondition.swift */ = {isa = PBXFileReference; fileEncoding = 4; lastKnownFileType = sourcecode.swift; path = WeatherCondition.swift; sourceTree = "<group>"; };
		20459C631C5C50DA004D0DC1 /* ConfigManager.swift */ = {isa = PBXFileReference; fileEncoding = 4; lastKnownFileType = sourcecode.swift; path = ConfigManager.swift; sourceTree = "<group>"; };
		20459C651C5D24FF004D0DC1 /* WeatherRepository.swift */ = {isa = PBXFileReference; fileEncoding = 4; lastKnownFileType = sourcecode.swift; path = WeatherRepository.swift; sourceTree = "<group>"; };
		206523C726597B120026C506 /* WeatherError.swift */ = {isa = PBXFileReference; lastKnownFileType = sourcecode.swift; path = WeatherError.swift; sourceTree = "<group>"; };
		206523CA26597EE40026C506 /* TemperatureUnit.swift */ = {isa = PBXFileReference; lastKnownFileType = sourcecode.swift; path = TemperatureUnit.swift; sourceTree = "<group>"; };
		206523D0265984DC0026C506 /* WeatherRepositoryType.swift */ = {isa = PBXFileReference; lastKnownFileType = sourcecode.swift; path = WeatherRepositoryType.swift; sourceTree = "<group>"; };
		206523D2265985280026C506 /* ConfigManagerType.swift */ = {isa = PBXFileReference; lastKnownFileType = sourcecode.swift; path = ConfigManagerType.swift; sourceTree = "<group>"; };
		206523D52659A92B0026C506 /* WeatherDecorator.swift */ = {isa = PBXFileReference; lastKnownFileType = sourcecode.swift; path = WeatherDecorator.swift; sourceTree = "<group>"; };
		206523D82659CC570026C506 /* WeatherDecoratorType.swift */ = {isa = PBXFileReference; lastKnownFileType = sourcecode.swift; path = WeatherDecoratorType.swift; sourceTree = "<group>"; };
		206523DA2659CD4E0026C506 /* UserDefaultsBacked.swift */ = {isa = PBXFileReference; lastKnownFileType = sourcecode.swift; path = UserDefaultsBacked.swift; sourceTree = "<group>"; };
		206523DC265ABDF30026C506 /* ConfigManagerTests.swift */ = {isa = PBXFileReference; lastKnownFileType = sourcecode.swift; path = ConfigManagerTests.swift; sourceTree = "<group>"; };
		206523FA265AD5730026C506 /* WeatherSource.swift */ = {isa = PBXFileReference; lastKnownFileType = sourcecode.swift; path = WeatherSource.swift; sourceTree = "<group>"; };
		206523FC265AF03E0026C506 /* RefreshInterval.swift */ = {isa = PBXFileReference; lastKnownFileType = sourcecode.swift; path = RefreshInterval.swift; sourceTree = "<group>"; };
		207E989B26838D0D00DC2162 /* DatWeatherDoe.xctestplan */ = {isa = PBXFileReference; lastKnownFileType = text; path = DatWeatherDoe.xctestplan; sourceTree = "<group>"; };
		20B952FB2682DAD20016F20A /* fr */ = {isa = PBXFileReference; lastKnownFileType = text.plist.strings; name = fr; path = fr.lproj/InfoPlist.strings; sourceTree = "<group>"; };
		20B952FE2682DAD20016F20A /* fr */ = {isa = PBXFileReference; lastKnownFileType = text.plist.strings; name = fr; path = fr.lproj/Localizable.strings; sourceTree = "<group>"; };
		20B953002682DAD20016F20A /* fr */ = {isa = PBXFileReference; lastKnownFileType = text.plist.strings; name = fr; path = fr.lproj/MainMenu.strings; sourceTree = "<group>"; };
		20B953012682DCFF0016F20A /* en */ = {isa = PBXFileReference; lastKnownFileType = text.plist.strings; name = en; path = en.lproj/Localizable.strings; sourceTree = "<group>"; };
		20B953022682DCFF0016F20A /* en */ = {isa = PBXFileReference; lastKnownFileType = text.plist.strings; name = en; path = en.lproj/InfoPlist.strings; sourceTree = "<group>"; };
		20BF8B332729176700474436 /* Keys.plist */ = {isa = PBXFileReference; lastKnownFileType = text.plist.xml; path = Keys.plist; sourceTree = "<group>"; };
		20F17D3926597A02003A164E /* WeatherData.swift */ = {isa = PBXFileReference; lastKnownFileType = sourcecode.swift; path = WeatherData.swift; sourceTree = "<group>"; };
		20FF84E92456326400FC9DAA /* DatWeatherDoe.entitlements */ = {isa = PBXFileReference; lastKnownFileType = text.plist.entitlements; path = DatWeatherDoe.entitlements; sourceTree = "<group>"; };
		61D04A2F1C7B7BCF00CBE6AE /* DatWeatherDoeTests.xctest */ = {isa = PBXFileReference; explicitFileType = wrapper.cfbundle; includeInIndex = 0; path = DatWeatherDoeTests.xctest; sourceTree = BUILT_PRODUCTS_DIR; };
		61D04A331C7B7BCF00CBE6AE /* Info.plist */ = {isa = PBXFileReference; lastKnownFileType = text.plist.xml; path = Info.plist; sourceTree = "<group>"; };
/* End PBXFileReference section */

/* Begin PBXFrameworksBuildPhase section */
		2023EDA01C4ED09C0087FD67 /* Frameworks */ = {
			isa = PBXFrameworksBuildPhase;
			buildActionMask = 2147483647;
			files = (
				20012FA6267980EE00553B60 /* Reachability in Frameworks */,
			);
			runOnlyForDeploymentPostprocessing = 0;
		};
		61D04A2C1C7B7BCF00CBE6AE /* Frameworks */ = {
			isa = PBXFrameworksBuildPhase;
			buildActionMask = 2147483647;
			files = (
			);
			runOnlyForDeploymentPostprocessing = 0;
		};
/* End PBXFrameworksBuildPhase section */

/* Begin PBXGroup section */
		2023ED9A1C4ED09C0087FD67 = {
			isa = PBXGroup;
			children = (
				2023EDA51C4ED09C0087FD67 /* DatWeatherDoe */,
				61D04A301C7B7BCF00CBE6AE /* DatWeatherDoeTests */,
				2023EDA41C4ED09C0087FD67 /* Products */,
				BF848D6F74093EEA00A37228 /* Frameworks */,
			);
			sourceTree = "<group>";
		};
		2023EDA41C4ED09C0087FD67 /* Products */ = {
			isa = PBXGroup;
			children = (
				2023EDA31C4ED09C0087FD67 /* DatWeatherDoe.app */,
				61D04A2F1C7B7BCF00CBE6AE /* DatWeatherDoeTests.xctest */,
			);
			name = Products;
			sourceTree = "<group>";
		};
		2023EDA51C4ED09C0087FD67 /* DatWeatherDoe */ = {
			isa = PBXGroup;
			children = (
				206523CE2659838A0026C506 /* API */,
				206523CF265983A90026C506 /* Config */,
				206523C926597D7F0026C506 /* Model */,
				206523CC2659835D0026C506 /* UI */,
				206523CD265983750026C506 /* Resources */,
				2023EDA61C4ED09C0087FD67 /* AppDelegate.swift */,
				202C31A11C528FE7003D5E5A /* EventMonitor.swift */,
				2030FE7D26614217002D4D45 /* DatWeatherDoeLogger.swift */,
			);
			path = DatWeatherDoe;
			sourceTree = "<group>";
		};
		206523C926597D7F0026C506 /* Model */ = {
			isa = PBXGroup;
			children = (
				206523CA26597EE40026C506 /* TemperatureUnit.swift */,
				20459C611C5C4E2D004D0DC1 /* WeatherCondition.swift */,
				201C6C4520262E380065E795 /* WeatherAPIResponse.swift */,
				20F17D3926597A02003A164E /* WeatherData.swift */,
				206523C726597B120026C506 /* WeatherError.swift */,
				206523FA265AD5730026C506 /* WeatherSource.swift */,
				206523FC265AF03E0026C506 /* RefreshInterval.swift */,
			);
			path = Model;
			sourceTree = "<group>";
		};
		206523CC2659835D0026C506 /* UI */ = {
			isa = PBXGroup;
			children = (
				206523D72659CC4C0026C506 /* Decorator */,
				2023EDAA1C4ED09C0087FD67 /* MainMenu.xib */,
				202C319E1C528958003D5E5A /* ConfigureViewController.xib */,
				202C319D1C528958003D5E5A /* ConfigureViewController.swift */,
			);
			path = UI;
			sourceTree = "<group>";
		};
		206523CD265983750026C506 /* Resources */ = {
			isa = PBXGroup;
			children = (
				20652400265B0F870026C506 /* Localization */,
				20FF84E92456326400FC9DAA /* DatWeatherDoe.entitlements */,
				2023EDA81C4ED09C0087FD67 /* Assets.xcassets */,
				2023EDAD1C4ED09C0087FD67 /* Info.plist */,
				20BF8B332729176700474436 /* Keys.plist */,
			);
			path = Resources;
			sourceTree = "<group>";
		};
		206523CE2659838A0026C506 /* API */ = {
			isa = PBXGroup;
			children = (
				206523D0265984DC0026C506 /* WeatherRepositoryType.swift */,
				20459C651C5D24FF004D0DC1 /* WeatherRepository.swift */,
			);
			path = API;
			sourceTree = "<group>";
		};
		206523CF265983A90026C506 /* Config */ = {
			isa = PBXGroup;
			children = (
				206523D2265985280026C506 /* ConfigManagerType.swift */,
				20459C631C5C50DA004D0DC1 /* ConfigManager.swift */,
				206523DA2659CD4E0026C506 /* UserDefaultsBacked.swift */,
			);
			path = Config;
			sourceTree = "<group>";
		};
		206523D72659CC4C0026C506 /* Decorator */ = {
			isa = PBXGroup;
			children = (
				206523D82659CC570026C506 /* WeatherDecoratorType.swift */,
				206523D52659A92B0026C506 /* WeatherDecorator.swift */,
			);
			path = Decorator;
			sourceTree = "<group>";
		};
		20652400265B0F870026C506 /* Localization */ = {
			isa = PBXGroup;
			children = (
				20B952FD2682DAD20016F20A /* Localizable.strings */,
				20B952FA2682DAD20016F20A /* InfoPlist.strings */,
			);
			path = Localization;
			sourceTree = "<group>";
		};
		61D04A301C7B7BCF00CBE6AE /* DatWeatherDoeTests */ = {
			isa = PBXGroup;
			children = (
				207E989B26838D0D00DC2162 /* DatWeatherDoe.xctestplan */,
				206523DC265ABDF30026C506 /* ConfigManagerTests.swift */,
				61D04A331C7B7BCF00CBE6AE /* Info.plist */,
			);
			path = DatWeatherDoeTests;
			sourceTree = "<group>";
		};
		BF848D6F74093EEA00A37228 /* Frameworks */ = {
			isa = PBXGroup;
			children = (
			);
			name = Frameworks;
			sourceTree = "<group>";
		};
/* End PBXGroup section */

/* Begin PBXNativeTarget section */
		2023EDA21C4ED09C0087FD67 /* DatWeatherDoe */ = {
			isa = PBXNativeTarget;
			buildConfigurationList = 2023EDB01C4ED09C0087FD67 /* Build configuration list for PBXNativeTarget "DatWeatherDoe" */;
			buildPhases = (
				2023ED9F1C4ED09C0087FD67 /* Sources */,
				2023EDA01C4ED09C0087FD67 /* Frameworks */,
				2023EDA11C4ED09C0087FD67 /* Resources */,
			);
			buildRules = (
			);
			dependencies = (
			);
			name = DatWeatherDoe;
			packageProductDependencies = (
				20012FA5267980EE00553B60 /* Reachability */,
			);
			productName = SwiftWeather;
			productReference = 2023EDA31C4ED09C0087FD67 /* DatWeatherDoe.app */;
			productType = "com.apple.product-type.application";
		};
		61D04A2E1C7B7BCF00CBE6AE /* DatWeatherDoeTests */ = {
			isa = PBXNativeTarget;
			buildConfigurationList = 61D04A381C7B7BCF00CBE6AE /* Build configuration list for PBXNativeTarget "DatWeatherDoeTests" */;
			buildPhases = (
				61D04A2B1C7B7BCF00CBE6AE /* Sources */,
				61D04A2C1C7B7BCF00CBE6AE /* Frameworks */,
				61D04A2D1C7B7BCF00CBE6AE /* Resources */,
			);
			buildRules = (
			);
			dependencies = (
				61D04A351C7B7BCF00CBE6AE /* PBXTargetDependency */,
			);
			name = DatWeatherDoeTests;
			productName = DefaultsTests;
			productReference = 61D04A2F1C7B7BCF00CBE6AE /* DatWeatherDoeTests.xctest */;
			productType = "com.apple.product-type.bundle.unit-test";
		};
/* End PBXNativeTarget section */

/* Begin PBXProject section */
		2023ED9B1C4ED09C0087FD67 /* Project object */ = {
			isa = PBXProject;
			attributes = {
				LastSwiftUpdateCheck = 0720;
				LastUpgradeCheck = 1220;
				ORGANIZATIONNAME = "Inder Dhir";
				TargetAttributes = {
					2023EDA21C4ED09C0087FD67 = {
						CreatedOnToolsVersion = 7.2;
						LastSwiftMigration = 1000;
						SystemCapabilities = {
							com.apple.Sandbox = {
								enabled = 0;
							};
						};
					};
					61D04A2E1C7B7BCF00CBE6AE = {
						CreatedOnToolsVersion = 7.2.1;
						LastSwiftMigration = 0810;
						TestTargetID = 2023EDA21C4ED09C0087FD67;
					};
				};
			};
			buildConfigurationList = 2023ED9E1C4ED09C0087FD67 /* Build configuration list for PBXProject "DatWeatherDoe" */;
			compatibilityVersion = "Xcode 12.0";
			developmentRegion = en;
			hasScannedForEncodings = 0;
			knownRegions = (
				en,
				Base,
				fr,
			);
			mainGroup = 2023ED9A1C4ED09C0087FD67;
			packageReferences = (
				20012FA4267980EE00553B60 /* XCRemoteSwiftPackageReference "Reachability" */,
			);
			productRefGroup = 2023EDA41C4ED09C0087FD67 /* Products */;
			projectDirPath = "";
			projectRoot = "";
			targets = (
				2023EDA21C4ED09C0087FD67 /* DatWeatherDoe */,
				61D04A2E1C7B7BCF00CBE6AE /* DatWeatherDoeTests */,
			);
		};
/* End PBXProject section */

/* Begin PBXResourcesBuildPhase section */
		2023EDA11C4ED09C0087FD67 /* Resources */ = {
			isa = PBXResourcesBuildPhase;
			buildActionMask = 2147483647;
			files = (
				20BF8B342729176700474436 /* Keys.plist in Resources */,
				20B952FC2682DAD20016F20A /* InfoPlist.strings in Resources */,
				2023EDA91C4ED09C0087FD67 /* Assets.xcassets in Resources */,
				20B952FF2682DAD20016F20A /* Localizable.strings in Resources */,
				2023EDAC1C4ED09C0087FD67 /* MainMenu.xib in Resources */,
				202C31A01C528958003D5E5A /* ConfigureViewController.xib in Resources */,
			);
			runOnlyForDeploymentPostprocessing = 0;
		};
		61D04A2D1C7B7BCF00CBE6AE /* Resources */ = {
			isa = PBXResourcesBuildPhase;
			buildActionMask = 2147483647;
			files = (
			);
			runOnlyForDeploymentPostprocessing = 0;
		};
/* End PBXResourcesBuildPhase section */

/* Begin PBXSourcesBuildPhase section */
		2023ED9F1C4ED09C0087FD67 /* Sources */ = {
			isa = PBXSourcesBuildPhase;
			buildActionMask = 2147483647;
			files = (
				20459C621C5C4E2D004D0DC1 /* WeatherCondition.swift in Sources */,
				206523DB2659CD4E0026C506 /* UserDefaultsBacked.swift in Sources */,
				20459C641C5C50DA004D0DC1 /* ConfigManager.swift in Sources */,
				202C31A21C528FE7003D5E5A /* EventMonitor.swift in Sources */,
				20459C661C5D24FF004D0DC1 /* WeatherRepository.swift in Sources */,
				206523D92659CC570026C506 /* WeatherDecoratorType.swift in Sources */,
				2023EDA71C4ED09C0087FD67 /* AppDelegate.swift in Sources */,
				206523C826597B120026C506 /* WeatherError.swift in Sources */,
				202C319F1C528958003D5E5A /* ConfigureViewController.swift in Sources */,
				201C6C4620262E380065E795 /* WeatherAPIResponse.swift in Sources */,
				206523D1265984DC0026C506 /* WeatherRepositoryType.swift in Sources */,
				206523D3265985280026C506 /* ConfigManagerType.swift in Sources */,
				206523D62659A92B0026C506 /* WeatherDecorator.swift in Sources */,
				20F17D3A26597A02003A164E /* WeatherData.swift in Sources */,
				206523CB26597EE40026C506 /* TemperatureUnit.swift in Sources */,
				2030FE7E26614217002D4D45 /* DatWeatherDoeLogger.swift in Sources */,
				206523FD265AF03E0026C506 /* RefreshInterval.swift in Sources */,
				206523FB265AD5730026C506 /* WeatherSource.swift in Sources */,
			);
			runOnlyForDeploymentPostprocessing = 0;
		};
		61D04A2B1C7B7BCF00CBE6AE /* Sources */ = {
			isa = PBXSourcesBuildPhase;
			buildActionMask = 2147483647;
			files = (
				206523DD265ABDF30026C506 /* ConfigManagerTests.swift in Sources */,
			);
			runOnlyForDeploymentPostprocessing = 0;
		};
/* End PBXSourcesBuildPhase section */

/* Begin PBXTargetDependency section */
		61D04A351C7B7BCF00CBE6AE /* PBXTargetDependency */ = {
			isa = PBXTargetDependency;
			target = 2023EDA21C4ED09C0087FD67 /* DatWeatherDoe */;
			targetProxy = 61D04A341C7B7BCF00CBE6AE /* PBXContainerItemProxy */;
		};
/* End PBXTargetDependency section */

/* Begin PBXVariantGroup section */
		2023EDAA1C4ED09C0087FD67 /* MainMenu.xib */ = {
			isa = PBXVariantGroup;
			children = (
				2023EDAB1C4ED09C0087FD67 /* Base */,
				20B953002682DAD20016F20A /* fr */,
			);
			name = MainMenu.xib;
			sourceTree = "<group>";
		};
		20B952FA2682DAD20016F20A /* InfoPlist.strings */ = {
			isa = PBXVariantGroup;
			children = (
				20B952FB2682DAD20016F20A /* fr */,
				20B953022682DCFF0016F20A /* en */,
			);
			name = InfoPlist.strings;
			sourceTree = "<group>";
		};
		20B952FD2682DAD20016F20A /* Localizable.strings */ = {
			isa = PBXVariantGroup;
			children = (
				20B952FE2682DAD20016F20A /* fr */,
				20B953012682DCFF0016F20A /* en */,
			);
			name = Localizable.strings;
			sourceTree = "<group>";
		};
/* End PBXVariantGroup section */

/* Begin XCBuildConfiguration section */
		2023EDAE1C4ED09C0087FD67 /* Debug */ = {
			isa = XCBuildConfiguration;
			buildSettings = {
				ALWAYS_SEARCH_USER_PATHS = NO;
				CLANG_ANALYZER_LOCALIZABILITY_NONLOCALIZED = YES;
				CLANG_CXX_LANGUAGE_STANDARD = "gnu++0x";
				CLANG_CXX_LIBRARY = "libc++";
				CLANG_ENABLE_MODULES = YES;
				CLANG_ENABLE_OBJC_ARC = YES;
				CLANG_WARN_BLOCK_CAPTURE_AUTORELEASING = YES;
				CLANG_WARN_BOOL_CONVERSION = YES;
				CLANG_WARN_COMMA = YES;
				CLANG_WARN_CONSTANT_CONVERSION = YES;
				CLANG_WARN_DEPRECATED_OBJC_IMPLEMENTATIONS = YES;
				CLANG_WARN_DIRECT_OBJC_ISA_USAGE = YES_ERROR;
				CLANG_WARN_EMPTY_BODY = YES;
				CLANG_WARN_ENUM_CONVERSION = YES;
				CLANG_WARN_INFINITE_RECURSION = YES;
				CLANG_WARN_INT_CONVERSION = YES;
				CLANG_WARN_NON_LITERAL_NULL_CONVERSION = YES;
				CLANG_WARN_OBJC_IMPLICIT_RETAIN_SELF = YES;
				CLANG_WARN_OBJC_LITERAL_CONVERSION = YES;
				CLANG_WARN_OBJC_ROOT_CLASS = YES_ERROR;
				CLANG_WARN_QUOTED_INCLUDE_IN_FRAMEWORK_HEADER = YES;
				CLANG_WARN_RANGE_LOOP_ANALYSIS = YES;
				CLANG_WARN_STRICT_PROTOTYPES = YES;
				CLANG_WARN_SUSPICIOUS_MOVE = YES;
				CLANG_WARN_UNREACHABLE_CODE = YES;
				CLANG_WARN__DUPLICATE_METHOD_MATCH = YES;
				CODE_SIGN_IDENTITY = "-";
				COPY_PHASE_STRIP = NO;
				DEBUG_INFORMATION_FORMAT = dwarf;
				ENABLE_STRICT_OBJC_MSGSEND = YES;
				ENABLE_TESTABILITY = YES;
				GCC_C_LANGUAGE_STANDARD = gnu99;
				GCC_DYNAMIC_NO_PIC = NO;
				GCC_NO_COMMON_BLOCKS = YES;
				GCC_OPTIMIZATION_LEVEL = 0;
				GCC_PREPROCESSOR_DEFINITIONS = (
					"DEBUG=1",
					"$(inherited)",
				);
				GCC_WARN_64_TO_32_BIT_CONVERSION = YES;
				GCC_WARN_ABOUT_RETURN_TYPE = YES_ERROR;
				GCC_WARN_UNDECLARED_SELECTOR = YES;
				GCC_WARN_UNINITIALIZED_AUTOS = YES_AGGRESSIVE;
				GCC_WARN_UNUSED_FUNCTION = YES;
				GCC_WARN_UNUSED_VARIABLE = YES;
				MACOSX_DEPLOYMENT_TARGET = 10.15;
				MTL_ENABLE_DEBUG_INFO = YES;
				ONLY_ACTIVE_ARCH = YES;
				SDKROOT = macosx;
				SWIFT_OPTIMIZATION_LEVEL = "-Onone";
				SWIFT_VERSION = 5.0;
			};
			name = Debug;
		};
		2023EDAF1C4ED09C0087FD67 /* Release */ = {
			isa = XCBuildConfiguration;
			buildSettings = {
				ALWAYS_SEARCH_USER_PATHS = NO;
				CLANG_ANALYZER_LOCALIZABILITY_NONLOCALIZED = YES;
				CLANG_CXX_LANGUAGE_STANDARD = "gnu++0x";
				CLANG_CXX_LIBRARY = "libc++";
				CLANG_ENABLE_MODULES = YES;
				CLANG_ENABLE_OBJC_ARC = YES;
				CLANG_WARN_BLOCK_CAPTURE_AUTORELEASING = YES;
				CLANG_WARN_BOOL_CONVERSION = YES;
				CLANG_WARN_COMMA = YES;
				CLANG_WARN_CONSTANT_CONVERSION = YES;
				CLANG_WARN_DEPRECATED_OBJC_IMPLEMENTATIONS = YES;
				CLANG_WARN_DIRECT_OBJC_ISA_USAGE = YES_ERROR;
				CLANG_WARN_EMPTY_BODY = YES;
				CLANG_WARN_ENUM_CONVERSION = YES;
				CLANG_WARN_INFINITE_RECURSION = YES;
				CLANG_WARN_INT_CONVERSION = YES;
				CLANG_WARN_NON_LITERAL_NULL_CONVERSION = YES;
				CLANG_WARN_OBJC_IMPLICIT_RETAIN_SELF = YES;
				CLANG_WARN_OBJC_LITERAL_CONVERSION = YES;
				CLANG_WARN_OBJC_ROOT_CLASS = YES_ERROR;
				CLANG_WARN_QUOTED_INCLUDE_IN_FRAMEWORK_HEADER = YES;
				CLANG_WARN_RANGE_LOOP_ANALYSIS = YES;
				CLANG_WARN_STRICT_PROTOTYPES = YES;
				CLANG_WARN_SUSPICIOUS_MOVE = YES;
				CLANG_WARN_UNREACHABLE_CODE = YES;
				CLANG_WARN__DUPLICATE_METHOD_MATCH = YES;
				CODE_SIGN_IDENTITY = "-";
				COPY_PHASE_STRIP = NO;
				DEBUG_INFORMATION_FORMAT = "dwarf-with-dsym";
				ENABLE_NS_ASSERTIONS = NO;
				ENABLE_STRICT_OBJC_MSGSEND = YES;
				GCC_C_LANGUAGE_STANDARD = gnu99;
				GCC_NO_COMMON_BLOCKS = YES;
				GCC_WARN_64_TO_32_BIT_CONVERSION = YES;
				GCC_WARN_ABOUT_RETURN_TYPE = YES_ERROR;
				GCC_WARN_UNDECLARED_SELECTOR = YES;
				GCC_WARN_UNINITIALIZED_AUTOS = YES_AGGRESSIVE;
				GCC_WARN_UNUSED_FUNCTION = YES;
				GCC_WARN_UNUSED_VARIABLE = YES;
				MACOSX_DEPLOYMENT_TARGET = 10.15;
				MTL_ENABLE_DEBUG_INFO = NO;
				SDKROOT = macosx;
				SWIFT_COMPILATION_MODE = wholemodule;
				SWIFT_OPTIMIZATION_LEVEL = "-O";
				SWIFT_VERSION = 5.0;
			};
			name = Release;
		};
		2023EDB11C4ED09C0087FD67 /* Debug */ = {
			isa = XCBuildConfiguration;
			buildSettings = {
				ALWAYS_EMBED_SWIFT_STANDARD_LIBRARIES = YES;
				ASSETCATALOG_COMPILER_APPICON_NAME = AppIcon;
				CODE_SIGN_ENTITLEMENTS = DatWeatherDoe/Resources/DatWeatherDoe.entitlements;
				CODE_SIGN_IDENTITY = "Mac Developer";
				"CODE_SIGN_IDENTITY[sdk=macosx*]" = "Mac Developer";
				COMBINE_HIDPI_IMAGES = YES;
				CURRENT_PROJECT_VERSION = 23;
				DEVELOPMENT_TEAM = Q8X4D3A8MT;
				ENABLE_HARDENED_RUNTIME = YES;
				INFOPLIST_FILE = "$(SRCROOT)/DatWeatherDoe/Resources/Info.plist";
				LD_RUNPATH_SEARCH_PATHS = (
					"$(inherited)",
					"@executable_path/../Frameworks",
				);
				MACOSX_DEPLOYMENT_TARGET = 10.12;
				MARKETING_VERSION = 2.1.6;
				PRODUCT_BUNDLE_IDENTIFIER = com.inderdhir.DatWeatherDoe.debug;
				PRODUCT_NAME = DatWeatherDoe;
				PROVISIONING_PROFILE = "";
				SWIFT_SWIFT3_OBJC_INFERENCE = Default;
				SWIFT_VERSION = 5.0;
			};
			name = Debug;
		};
		2023EDB21C4ED09C0087FD67 /* Release */ = {
			isa = XCBuildConfiguration;
			buildSettings = {
				ALWAYS_EMBED_SWIFT_STANDARD_LIBRARIES = YES;
				ASSETCATALOG_COMPILER_APPICON_NAME = AppIcon;
				CODE_SIGN_ENTITLEMENTS = DatWeatherDoe/Resources/DatWeatherDoe.entitlements;
				CODE_SIGN_IDENTITY = "Mac Developer";
				"CODE_SIGN_IDENTITY[sdk=macosx*]" = "Mac Developer";
				COMBINE_HIDPI_IMAGES = YES;
				CURRENT_PROJECT_VERSION = 23;
				DEVELOPMENT_TEAM = Q8X4D3A8MT;
				ENABLE_HARDENED_RUNTIME = YES;
				INFOPLIST_FILE = "$(SRCROOT)/DatWeatherDoe/Resources/Info.plist";
				LD_RUNPATH_SEARCH_PATHS = (
					"$(inherited)",
					"@executable_path/../Frameworks",
				);
				MACOSX_DEPLOYMENT_TARGET = 10.12;
				MARKETING_VERSION = 2.1.6;
				PRODUCT_BUNDLE_IDENTIFIER = com.inderdhir.DatWeatherDoe;
				PRODUCT_NAME = DatWeatherDoe;
				PROVISIONING_PROFILE = "";
				SWIFT_SWIFT3_OBJC_INFERENCE = Default;
				SWIFT_VERSION = 5.0;
			};
			name = Release;
		};
		61D04A361C7B7BCF00CBE6AE /* Debug */ = {
			isa = XCBuildConfiguration;
			buildSettings = {
				BUNDLE_LOADER = "$(TEST_HOST)";
				CODE_SIGN_IDENTITY = "Apple Development";
				CODE_SIGN_STYLE = Automatic;
				COMBINE_HIDPI_IMAGES = YES;
				DEVELOPMENT_TEAM = "";
				INFOPLIST_FILE = DatWeatherDoeTests/Info.plist;
				LD_RUNPATH_SEARCH_PATHS = (
					"$(inherited)",
					"@executable_path/../Frameworks",
					"@loader_path/../Frameworks",
				);
				PRODUCT_BUNDLE_IDENTIFIER = com.inderdhir.DefaultsTests;
				PRODUCT_NAME = "$(TARGET_NAME)";
				PROVISIONING_PROFILE_SPECIFIER = "";
				SWIFT_VERSION = 5.0;
				TEST_HOST = "$(BUILT_PRODUCTS_DIR)/DatWeatherDoe.app/Contents/MacOS/DatWeatherDoe";
			};
			name = Debug;
		};
		61D04A371C7B7BCF00CBE6AE /* Release */ = {
			isa = XCBuildConfiguration;
			buildSettings = {
				BUNDLE_LOADER = "$(TEST_HOST)";
				CODE_SIGN_IDENTITY = "Apple Development";
				CODE_SIGN_STYLE = Automatic;
				COMBINE_HIDPI_IMAGES = YES;
				DEVELOPMENT_TEAM = "";
				INFOPLIST_FILE = DatWeatherDoeTests/Info.plist;
				LD_RUNPATH_SEARCH_PATHS = (
					"$(inherited)",
					"@executable_path/../Frameworks",
					"@loader_path/../Frameworks",
				);
				PRODUCT_BUNDLE_IDENTIFIER = com.inderdhir.DefaultsTests;
				PRODUCT_NAME = "$(TARGET_NAME)";
				PROVISIONING_PROFILE_SPECIFIER = "";
				SWIFT_VERSION = 5.0;
				TEST_HOST = "$(BUILT_PRODUCTS_DIR)/DatWeatherDoe.app/Contents/MacOS/DatWeatherDoe";
			};
			name = Release;
		};
/* End XCBuildConfiguration section */

/* Begin XCConfigurationList section */
		2023ED9E1C4ED09C0087FD67 /* Build configuration list for PBXProject "DatWeatherDoe" */ = {
			isa = XCConfigurationList;
			buildConfigurations = (
				2023EDAE1C4ED09C0087FD67 /* Debug */,
				2023EDAF1C4ED09C0087FD67 /* Release */,
			);
			defaultConfigurationIsVisible = 0;
			defaultConfigurationName = Release;
		};
		2023EDB01C4ED09C0087FD67 /* Build configuration list for PBXNativeTarget "DatWeatherDoe" */ = {
			isa = XCConfigurationList;
			buildConfigurations = (
				2023EDB11C4ED09C0087FD67 /* Debug */,
				2023EDB21C4ED09C0087FD67 /* Release */,
			);
			defaultConfigurationIsVisible = 0;
			defaultConfigurationName = Release;
		};
		61D04A381C7B7BCF00CBE6AE /* Build configuration list for PBXNativeTarget "DatWeatherDoeTests" */ = {
			isa = XCConfigurationList;
			buildConfigurations = (
				61D04A361C7B7BCF00CBE6AE /* Debug */,
				61D04A371C7B7BCF00CBE6AE /* Release */,
			);
			defaultConfigurationIsVisible = 0;
			defaultConfigurationName = Release;
		};
/* End XCConfigurationList section */

/* Begin XCRemoteSwiftPackageReference section */
		20012FA4267980EE00553B60 /* XCRemoteSwiftPackageReference "Reachability" */ = {
			isa = XCRemoteSwiftPackageReference;
			repositoryURL = "https://github.com/ashleymills/Reachability.swift";
			requirement = {
				kind = exactVersion;
				version = 5.1.0;
			};
		};
/* End XCRemoteSwiftPackageReference section */

/* Begin XCSwiftPackageProductDependency section */
		20012FA5267980EE00553B60 /* Reachability */ = {
			isa = XCSwiftPackageProductDependency;
			package = 20012FA4267980EE00553B60 /* XCRemoteSwiftPackageReference "Reachability" */;
			productName = Reachability;
		};
/* End XCSwiftPackageProductDependency section */
	};
	rootObject = 2023ED9B1C4ED09C0087FD67 /* Project object */;
}
