// !$*UTF8*$!
{
	archiveVersion = 1;
	classes = {
	};
	objectVersion = 54;
	objects = {

/* Begin PBXBuildFile section */
		2000D4082AD86DAA0052EDA6 /* WindSpeedFormatter.swift in Sources */ = {isa = PBXBuildFile; fileRef = 2000D4072AD86DAA0052EDA6 /* WindSpeedFormatter.swift */; };
		20012FA6267980EE00553B60 /* Reachability in Frameworks */ = {isa = PBXBuildFile; productRef = 20012FA5267980EE00553B60 /* Reachability */; };
		200520F62C29426E00006FC0 /* WeatherDataFormatter.swift in Sources */ = {isa = PBXBuildFile; fileRef = 200520F52C29426E00006FC0 /* WeatherDataFormatter.swift */; };
		2005C055278CB4E40067BBD1 /* WeatherValidatorType.swift in Sources */ = {isa = PBXBuildFile; fileRef = 2005C054278CB4E40067BBD1 /* WeatherValidatorType.swift */; };
		2005C057278CB5640067BBD1 /* LocationParser.swift in Sources */ = {isa = PBXBuildFile; fileRef = 2005C056278CB5640067BBD1 /* LocationParser.swift */; };
		2005C059278CB5FC0067BBD1 /* WeatherURLBuilder.swift in Sources */ = {isa = PBXBuildFile; fileRef = 2005C058278CB5FC0067BBD1 /* WeatherURLBuilder.swift */; };
		2005C05D278CE0350067BBD1 /* WeatherAPIResponseParser.swift in Sources */ = {isa = PBXBuildFile; fileRef = 2005C05C278CE0350067BBD1 /* WeatherAPIResponseParser.swift */; };
		201C6C4620262E380065E795 /* WeatherAPIResponse.swift in Sources */ = {isa = PBXBuildFile; fileRef = 201C6C4520262E380065E795 /* WeatherAPIResponse.swift */; };
		20206F0727BFF3D7004B418F /* ConfigureView.swift in Sources */ = {isa = PBXBuildFile; fileRef = 20206F0627BFF3D7004B418F /* ConfigureView.swift */; };
		2023EDA91C4ED09C0087FD67 /* Assets.xcassets in Resources */ = {isa = PBXBuildFile; fileRef = 2023EDA81C4ED09C0087FD67 /* Assets.xcassets */; };
		202B1015278D46AB00ED6D42 /* WeatherConditionBuilder.swift in Sources */ = {isa = PBXBuildFile; fileRef = 202B1014278D46AB00ED6D42 /* WeatherConditionBuilder.swift */; };
		202B101E278D4F1900ED6D42 /* WeatherReachability.swift in Sources */ = {isa = PBXBuildFile; fileRef = 202B101D278D4F1900ED6D42 /* WeatherReachability.swift */; };
		202B1029278D5A7100ED6D42 /* WeatherForecaster.swift in Sources */ = {isa = PBXBuildFile; fileRef = 202B1028278D5A7100ED6D42 /* WeatherForecaster.swift */; };
		202B1030278D632800ED6D42 /* APIKeyParser.swift in Sources */ = {isa = PBXBuildFile; fileRef = 202B102F278D632800ED6D42 /* APIKeyParser.swift */; };
		2039B3DF2C278AA4006A6B6D /* SunriseSunsetData.swift in Sources */ = {isa = PBXBuildFile; fileRef = 2039B3DE2C278AA4006A6B6D /* SunriseSunsetData.swift */; };
		2039B3E32C289697006A6B6D /* TemperatureData.swift in Sources */ = {isa = PBXBuildFile; fileRef = 2039B3E22C289697006A6B6D /* TemperatureData.swift */; };
		2039B3E72C2896BD006A6B6D /* WindData.swift in Sources */ = {isa = PBXBuildFile; fileRef = 2039B3E62C2896BD006A6B6D /* WindData.swift */; };
		2039B3E92C2896CF006A6B6D /* ForecastData.swift in Sources */ = {isa = PBXBuildFile; fileRef = 2039B3E82C2896CF006A6B6D /* ForecastData.swift */; };
		2039B3EB2C2896D7006A6B6D /* ForecastTemperatureData.swift in Sources */ = {isa = PBXBuildFile; fileRef = 2039B3EA2C2896D7006A6B6D /* ForecastTemperatureData.swift */; };
		2039B3EF2C28996D006A6B6D /* WeatherCondition.swift in Sources */ = {isa = PBXBuildFile; fileRef = 2039B3EE2C28996D006A6B6D /* WeatherCondition.swift */; };
		2039B3F92C28D18A006A6B6D /* DatWeatherDoeApp.swift in Sources */ = {isa = PBXBuildFile; fileRef = 2039B3F82C28D18A006A6B6D /* DatWeatherDoeApp.swift */; };
		2039B3FB2C28D1B0006A6B6D /* CustomButton.swift in Sources */ = {isa = PBXBuildFile; fileRef = 2039B3FA2C28D1B0006A6B6D /* CustomButton.swift */; };
		2039B3FD2C28D1C0006A6B6D /* MenuOptionsView.swift in Sources */ = {isa = PBXBuildFile; fileRef = 2039B3FC2C28D1C0006A6B6D /* MenuOptionsView.swift */; };
		2039B3FF2C28D1D3006A6B6D /* NonInteractiveMenuOptionView.swift in Sources */ = {isa = PBXBuildFile; fileRef = 2039B3FE2C28D1D3006A6B6D /* NonInteractiveMenuOptionView.swift */; };
		2039B4012C291B5A006A6B6D /* MenuView.swift in Sources */ = {isa = PBXBuildFile; fileRef = 2039B4002C291B5A006A6B6D /* MenuView.swift */; };
		2039B4042C291C35006A6B6D /* StatusBarView.swift in Sources */ = {isa = PBXBuildFile; fileRef = 2039B4032C291C35006A6B6D /* StatusBarView.swift */; };
		2039B4072C2920BF006A6B6D /* MenuBarExtraAccess in Frameworks */ = {isa = PBXBuildFile; productRef = 2039B4062C2920BF006A6B6D /* MenuBarExtraAccess */; };
		2044E91E2867D3CF00AED55B /* TemperatureForecastTextBuilder.swift in Sources */ = {isa = PBXBuildFile; fileRef = 2044E91D2867D3CF00AED55B /* TemperatureForecastTextBuilder.swift */; };
		204597682A84492400CF73CE /* TemperatureWithDegreesCreator.swift in Sources */ = {isa = PBXBuildFile; fileRef = 204597672A84492400CF73CE /* TemperatureWithDegreesCreator.swift */; };
		20459C641C5C50DA004D0DC1 /* ConfigManager.swift in Sources */ = {isa = PBXBuildFile; fileRef = 20459C631C5C50DA004D0DC1 /* ConfigManager.swift */; };
		206523C826597B120026C506 /* WeatherError.swift in Sources */ = {isa = PBXBuildFile; fileRef = 206523C726597B120026C506 /* WeatherError.swift */; };
		206523D62659A92B0026C506 /* WeatherDataBuilder.swift in Sources */ = {isa = PBXBuildFile; fileRef = 206523D52659A92B0026C506 /* WeatherDataBuilder.swift */; };
		206523DD265ABDF30026C506 /* ConfigManagerTests.swift in Sources */ = {isa = PBXBuildFile; fileRef = 206523DC265ABDF30026C506 /* ConfigManagerTests.swift */; };
		206523FB265AD5730026C506 /* WeatherSource.swift in Sources */ = {isa = PBXBuildFile; fileRef = 206523FA265AD5730026C506 /* WeatherSource.swift */; };
		206523FD265AF03E0026C506 /* RefreshInterval.swift in Sources */ = {isa = PBXBuildFile; fileRef = 206523FC265AF03E0026C506 /* RefreshInterval.swift */; };
		206E15252A7C4C5C0096D33C /* ConfigOptions.swift in Sources */ = {isa = PBXBuildFile; fileRef = 206E15242A7C4C5C0096D33C /* ConfigOptions.swift */; };
		206E152F2A7C544D0096D33C /* ConfigureOptionsView.swift in Sources */ = {isa = PBXBuildFile; fileRef = 206E152E2A7C544D0096D33C /* ConfigureOptionsView.swift */; };
		206FF1BB2BB4BB9400111EAE /* WeatherConditionPosition.swift in Sources */ = {isa = PBXBuildFile; fileRef = 206FF1BA2BB4BB9400111EAE /* WeatherConditionPosition.swift */; };
		2074949927A09278002AA589 /* WeatherURLBuilderTests.swift in Sources */ = {isa = PBXBuildFile; fileRef = 2074949827A09278002AA589 /* WeatherURLBuilderTests.swift */; };
		2077BC52278DF98800E0453C /* WeatherConditionTextMapper.swift in Sources */ = {isa = PBXBuildFile; fileRef = 2077BC51278DF98800E0453C /* WeatherConditionTextMapper.swift */; };
		209174102A9BDA4A00BB63E0 /* ConfigureViewModel.swift in Sources */ = {isa = PBXBuildFile; fileRef = 2085263427E80B9E0017D7F4 /* ConfigureViewModel.swift */; };
		209482C629934BFF00AF39D4 /* MeasurementUnit.swift in Sources */ = {isa = PBXBuildFile; fileRef = 209482C529934BFF00AF39D4 /* MeasurementUnit.swift */; };
		209F8A38279136D300EB5C45 /* LocationValidator.swift in Sources */ = {isa = PBXBuildFile; fileRef = 209F8A37279136D300EB5C45 /* LocationValidator.swift */; };
		209F8A3D27914A5900EB5C45 /* NetworkClient.swift in Sources */ = {isa = PBXBuildFile; fileRef = 209F8A3C27914A5900EB5C45 /* NetworkClient.swift */; };
		209F8A4127915DBC00EB5C45 /* LocationCoordinatesWeatherRepository.swift in Sources */ = {isa = PBXBuildFile; fileRef = 209F8A4027915DBC00EB5C45 /* LocationCoordinatesWeatherRepository.swift */; };
		20B3845F27A1CFE800F85482 /* LocationValidatorTests.swift in Sources */ = {isa = PBXBuildFile; fileRef = 20B3845E27A1CFE800F85482 /* LocationValidatorTests.swift */; };
		20B46814279394FB00FC6050 /* WeatherTextBuilder.swift in Sources */ = {isa = PBXBuildFile; fileRef = 20B46813279394FB00FC6050 /* WeatherTextBuilder.swift */; };
		20B468192793989B00FC6050 /* HumidityTextBuilder.swift in Sources */ = {isa = PBXBuildFile; fileRef = 20B468182793989B00FC6050 /* HumidityTextBuilder.swift */; };
		20B4681B2793A7E300FC6050 /* TemperatureTextBuilder.swift in Sources */ = {isa = PBXBuildFile; fileRef = 20B4681A2793A7E300FC6050 /* TemperatureTextBuilder.swift */; };
		20B468222793B85900FC6050 /* SystemLocationWeatherRepository.swift in Sources */ = {isa = PBXBuildFile; fileRef = 20B468212793B85900FC6050 /* SystemLocationWeatherRepository.swift */; };
		20B9CDCD27B8325900C42508 /* WeatherSourceTests.swift in Sources */ = {isa = PBXBuildFile; fileRef = 20B9CDCC27B8325900C42508 /* WeatherSourceTests.swift */; };
		20B9CDCF27B8335A00C42508 /* TemperatureUnitTests.swift in Sources */ = {isa = PBXBuildFile; fileRef = 20B9CDCE27B8335A00C42508 /* TemperatureUnitTests.swift */; };
		20B9CDD127B833EE00C42508 /* RefreshIntervalTests.swift in Sources */ = {isa = PBXBuildFile; fileRef = 20B9CDD027B833EE00C42508 /* RefreshIntervalTests.swift */; };
		20BBCDAA278B8A18007DEEB0 /* WeatherViewModel.swift in Sources */ = {isa = PBXBuildFile; fileRef = 20BBCDA9278B8A18007DEEB0 /* WeatherViewModel.swift */; };
		20BBCDAD278B8B28007DEEB0 /* WeatherViewModelType.swift in Sources */ = {isa = PBXBuildFile; fileRef = 20BBCDAC278B8B28007DEEB0 /* WeatherViewModelType.swift */; };
		20BBCDAF278B92A7007DEEB0 /* SystemLocationFetcher.swift in Sources */ = {isa = PBXBuildFile; fileRef = 20BBCDAE278B92A7007DEEB0 /* SystemLocationFetcher.swift */; };
		20CA6E11278F49AC00FFC53A /* TemperatureFormatter.swift in Sources */ = {isa = PBXBuildFile; fileRef = 20CA6E10278F49AC00FFC53A /* TemperatureFormatter.swift */; };
		20D857102A8317F5005727BB /* ConfigureUnitOptionsView.swift in Sources */ = {isa = PBXBuildFile; fileRef = 20D8570F2A8317F5005727BB /* ConfigureUnitOptionsView.swift */; };
		20D857122A831802005727BB /* ConfigureWeatherOptionsView.swift in Sources */ = {isa = PBXBuildFile; fileRef = 20D857112A831802005727BB /* ConfigureWeatherOptionsView.swift */; };
		20D857142A831A16005727BB /* ConfigureValueSeparatorOptionsView.swift in Sources */ = {isa = PBXBuildFile; fileRef = 20D857132A831A16005727BB /* ConfigureValueSeparatorOptionsView.swift */; };
		20D8571B2A831D62005727BB /* WeatherRepositoryType.swift in Sources */ = {isa = PBXBuildFile; fileRef = 20D8571A2A831D62005727BB /* WeatherRepositoryType.swift */; };
		20D8571D2A831F40005727BB /* WeatherRepositoryFactory.swift in Sources */ = {isa = PBXBuildFile; fileRef = 20D8571C2A831F40005727BB /* WeatherRepositoryFactory.swift */; };
		20D8571F2A832AC6005727BB /* TemperatureUnit.swift in Sources */ = {isa = PBXBuildFile; fileRef = 20D8571E2A832AC6005727BB /* TemperatureUnit.swift */; };
		20E8A1A62C2B3C5A007E8733 /* Localizable.xcstrings in Resources */ = {isa = PBXBuildFile; fileRef = 20E8A1A52C2B3C5A007E8733 /* Localizable.xcstrings */; };
		20E8A1AB2C2B3FE6007E8733 /* TestData.swift in Sources */ = {isa = PBXBuildFile; fileRef = 20E8A1AA2C2B3FE6007E8733 /* TestData.swift */; };
		20F0E5F82C33500900434C3A /* AirQuality.swift in Sources */ = {isa = PBXBuildFile; fileRef = 20F0E5F72C33500900434C3A /* AirQuality.swift */; };
		20F17D3A26597A02003A164E /* WeatherData.swift in Sources */ = {isa = PBXBuildFile; fileRef = 20F17D3926597A02003A164E /* WeatherData.swift */; };
		E3105BA62818805A00FB4C55 /* SunriseAndSunsetTextBuilder.swift in Sources */ = {isa = PBXBuildFile; fileRef = E3105BA52818805A00FB4C55 /* SunriseAndSunsetTextBuilder.swift */; };
		E3BE2C91292C505A00C4F468 /* DropdownIcon.swift in Sources */ = {isa = PBXBuildFile; fileRef = E3BE2C90292C505A00C4F468 /* DropdownIcon.swift */; };
/* End PBXBuildFile section */

/* Begin PBXContainerItemProxy section */
		61D04A341C7B7BCF00CBE6AE /* PBXContainerItemProxy */ = {
			isa = PBXContainerItemProxy;
			containerPortal = 2023ED9B1C4ED09C0087FD67 /* Project object */;
			proxyType = 1;
			remoteGlobalIDString = 2023EDA21C4ED09C0087FD67;
			remoteInfo = SwiftWeather;
		};
/* End PBXContainerItemProxy section */

/* Begin PBXFileReference section */
		2000D4072AD86DAA0052EDA6 /* WindSpeedFormatter.swift */ = {isa = PBXFileReference; lastKnownFileType = sourcecode.swift; path = WindSpeedFormatter.swift; sourceTree = "<group>"; };
		200520F52C29426E00006FC0 /* WeatherDataFormatter.swift */ = {isa = PBXFileReference; lastKnownFileType = sourcecode.swift; path = WeatherDataFormatter.swift; sourceTree = "<group>"; };
		2005C054278CB4E40067BBD1 /* WeatherValidatorType.swift */ = {isa = PBXFileReference; lastKnownFileType = sourcecode.swift; path = WeatherValidatorType.swift; sourceTree = "<group>"; };
		2005C056278CB5640067BBD1 /* LocationParser.swift */ = {isa = PBXFileReference; lastKnownFileType = sourcecode.swift; path = LocationParser.swift; sourceTree = "<group>"; };
		2005C058278CB5FC0067BBD1 /* WeatherURLBuilder.swift */ = {isa = PBXFileReference; lastKnownFileType = sourcecode.swift; path = WeatherURLBuilder.swift; sourceTree = "<group>"; };
		2005C05C278CE0350067BBD1 /* WeatherAPIResponseParser.swift */ = {isa = PBXFileReference; lastKnownFileType = sourcecode.swift; path = WeatherAPIResponseParser.swift; sourceTree = "<group>"; };
		201C6C4520262E380065E795 /* WeatherAPIResponse.swift */ = {isa = PBXFileReference; lastKnownFileType = sourcecode.swift; path = WeatherAPIResponse.swift; sourceTree = "<group>"; };
		20206F0627BFF3D7004B418F /* ConfigureView.swift */ = {isa = PBXFileReference; lastKnownFileType = sourcecode.swift; path = ConfigureView.swift; sourceTree = "<group>"; };
		2023EDA31C4ED09C0087FD67 /* DatWeatherDoe.app */ = {isa = PBXFileReference; explicitFileType = wrapper.application; includeInIndex = 0; path = DatWeatherDoe.app; sourceTree = BUILT_PRODUCTS_DIR; };
		2023EDA81C4ED09C0087FD67 /* Assets.xcassets */ = {isa = PBXFileReference; lastKnownFileType = folder.assetcatalog; path = Assets.xcassets; sourceTree = "<group>"; };
		2023EDAD1C4ED09C0087FD67 /* Info.plist */ = {isa = PBXFileReference; lastKnownFileType = text.plist.xml; path = Info.plist; sourceTree = "<group>"; };
		202B1014278D46AB00ED6D42 /* WeatherConditionBuilder.swift */ = {isa = PBXFileReference; lastKnownFileType = sourcecode.swift; path = WeatherConditionBuilder.swift; sourceTree = "<group>"; };
		202B101D278D4F1900ED6D42 /* WeatherReachability.swift */ = {isa = PBXFileReference; lastKnownFileType = sourcecode.swift; path = WeatherReachability.swift; sourceTree = "<group>"; };
		202B1028278D5A7100ED6D42 /* WeatherForecaster.swift */ = {isa = PBXFileReference; lastKnownFileType = sourcecode.swift; path = WeatherForecaster.swift; sourceTree = "<group>"; };
		202B102F278D632800ED6D42 /* APIKeyParser.swift */ = {isa = PBXFileReference; lastKnownFileType = sourcecode.swift; path = APIKeyParser.swift; sourceTree = "<group>"; };
		2039B3DE2C278AA4006A6B6D /* SunriseSunsetData.swift */ = {isa = PBXFileReference; lastKnownFileType = sourcecode.swift; path = SunriseSunsetData.swift; sourceTree = "<group>"; };
		2039B3E22C289697006A6B6D /* TemperatureData.swift */ = {isa = PBXFileReference; lastKnownFileType = sourcecode.swift; path = TemperatureData.swift; sourceTree = "<group>"; };
		2039B3E62C2896BD006A6B6D /* WindData.swift */ = {isa = PBXFileReference; lastKnownFileType = sourcecode.swift; path = WindData.swift; sourceTree = "<group>"; };
		2039B3E82C2896CF006A6B6D /* ForecastData.swift */ = {isa = PBXFileReference; lastKnownFileType = sourcecode.swift; path = ForecastData.swift; sourceTree = "<group>"; };
		2039B3EA2C2896D7006A6B6D /* ForecastTemperatureData.swift */ = {isa = PBXFileReference; lastKnownFileType = sourcecode.swift; path = ForecastTemperatureData.swift; sourceTree = "<group>"; };
		2039B3EE2C28996D006A6B6D /* WeatherCondition.swift */ = {isa = PBXFileReference; lastKnownFileType = sourcecode.swift; path = WeatherCondition.swift; sourceTree = "<group>"; };
		2039B3F82C28D18A006A6B6D /* DatWeatherDoeApp.swift */ = {isa = PBXFileReference; lastKnownFileType = sourcecode.swift; path = DatWeatherDoeApp.swift; sourceTree = "<group>"; };
		2039B3FA2C28D1B0006A6B6D /* CustomButton.swift */ = {isa = PBXFileReference; lastKnownFileType = sourcecode.swift; path = CustomButton.swift; sourceTree = "<group>"; };
		2039B3FC2C28D1C0006A6B6D /* MenuOptionsView.swift */ = {isa = PBXFileReference; lastKnownFileType = sourcecode.swift; path = MenuOptionsView.swift; sourceTree = "<group>"; };
		2039B3FE2C28D1D3006A6B6D /* NonInteractiveMenuOptionView.swift */ = {isa = PBXFileReference; lastKnownFileType = sourcecode.swift; path = NonInteractiveMenuOptionView.swift; sourceTree = "<group>"; };
		2039B4002C291B5A006A6B6D /* MenuView.swift */ = {isa = PBXFileReference; lastKnownFileType = sourcecode.swift; path = MenuView.swift; sourceTree = "<group>"; };
		2039B4032C291C35006A6B6D /* StatusBarView.swift */ = {isa = PBXFileReference; lastKnownFileType = sourcecode.swift; path = StatusBarView.swift; sourceTree = "<group>"; };
		2044E91D2867D3CF00AED55B /* TemperatureForecastTextBuilder.swift */ = {isa = PBXFileReference; lastKnownFileType = sourcecode.swift; path = TemperatureForecastTextBuilder.swift; sourceTree = "<group>"; };
		204597672A84492400CF73CE /* TemperatureWithDegreesCreator.swift */ = {isa = PBXFileReference; lastKnownFileType = sourcecode.swift; path = TemperatureWithDegreesCreator.swift; sourceTree = "<group>"; };
		20459C631C5C50DA004D0DC1 /* ConfigManager.swift */ = {isa = PBXFileReference; fileEncoding = 4; lastKnownFileType = sourcecode.swift; path = ConfigManager.swift; sourceTree = "<group>"; };
		206523C726597B120026C506 /* WeatherError.swift */ = {isa = PBXFileReference; lastKnownFileType = sourcecode.swift; path = WeatherError.swift; sourceTree = "<group>"; };
		206523D52659A92B0026C506 /* WeatherDataBuilder.swift */ = {isa = PBXFileReference; lastKnownFileType = sourcecode.swift; path = WeatherDataBuilder.swift; sourceTree = "<group>"; };
		206523DC265ABDF30026C506 /* ConfigManagerTests.swift */ = {isa = PBXFileReference; lastKnownFileType = sourcecode.swift; path = ConfigManagerTests.swift; sourceTree = "<group>"; };
		206523FA265AD5730026C506 /* WeatherSource.swift */ = {isa = PBXFileReference; lastKnownFileType = sourcecode.swift; path = WeatherSource.swift; sourceTree = "<group>"; };
		206523FC265AF03E0026C506 /* RefreshInterval.swift */ = {isa = PBXFileReference; lastKnownFileType = sourcecode.swift; path = RefreshInterval.swift; sourceTree = "<group>"; };
		206E15242A7C4C5C0096D33C /* ConfigOptions.swift */ = {isa = PBXFileReference; lastKnownFileType = sourcecode.swift; path = ConfigOptions.swift; sourceTree = "<group>"; };
		206E152E2A7C544D0096D33C /* ConfigureOptionsView.swift */ = {isa = PBXFileReference; lastKnownFileType = sourcecode.swift; path = ConfigureOptionsView.swift; sourceTree = "<group>"; };
		206FF1BA2BB4BB9400111EAE /* WeatherConditionPosition.swift */ = {isa = PBXFileReference; lastKnownFileType = sourcecode.swift; path = WeatherConditionPosition.swift; sourceTree = "<group>"; };
		2074949827A09278002AA589 /* WeatherURLBuilderTests.swift */ = {isa = PBXFileReference; lastKnownFileType = sourcecode.swift; path = WeatherURLBuilderTests.swift; sourceTree = "<group>"; };
		2077BC51278DF98800E0453C /* WeatherConditionTextMapper.swift */ = {isa = PBXFileReference; lastKnownFileType = sourcecode.swift; path = WeatherConditionTextMapper.swift; sourceTree = "<group>"; };
		207E989B26838D0D00DC2162 /* DatWeatherDoe.xctestplan */ = {isa = PBXFileReference; lastKnownFileType = text; path = DatWeatherDoe.xctestplan; sourceTree = "<group>"; };
		2085263427E80B9E0017D7F4 /* ConfigureViewModel.swift */ = {isa = PBXFileReference; lastKnownFileType = sourcecode.swift; path = ConfigureViewModel.swift; sourceTree = "<group>"; };
		209482C529934BFF00AF39D4 /* MeasurementUnit.swift */ = {isa = PBXFileReference; lastKnownFileType = sourcecode.swift; path = MeasurementUnit.swift; sourceTree = "<group>"; };
		209F8A37279136D300EB5C45 /* LocationValidator.swift */ = {isa = PBXFileReference; lastKnownFileType = sourcecode.swift; path = LocationValidator.swift; sourceTree = "<group>"; };
		209F8A3C27914A5900EB5C45 /* NetworkClient.swift */ = {isa = PBXFileReference; lastKnownFileType = sourcecode.swift; path = NetworkClient.swift; sourceTree = "<group>"; };
		209F8A4027915DBC00EB5C45 /* LocationCoordinatesWeatherRepository.swift */ = {isa = PBXFileReference; lastKnownFileType = sourcecode.swift; path = LocationCoordinatesWeatherRepository.swift; sourceTree = "<group>"; };
		20B3845E27A1CFE800F85482 /* LocationValidatorTests.swift */ = {isa = PBXFileReference; lastKnownFileType = sourcecode.swift; path = LocationValidatorTests.swift; sourceTree = "<group>"; };
		20B46813279394FB00FC6050 /* WeatherTextBuilder.swift */ = {isa = PBXFileReference; lastKnownFileType = sourcecode.swift; path = WeatherTextBuilder.swift; sourceTree = "<group>"; };
		20B468182793989B00FC6050 /* HumidityTextBuilder.swift */ = {isa = PBXFileReference; lastKnownFileType = sourcecode.swift; path = HumidityTextBuilder.swift; sourceTree = "<group>"; };
		20B4681A2793A7E300FC6050 /* TemperatureTextBuilder.swift */ = {isa = PBXFileReference; lastKnownFileType = sourcecode.swift; path = TemperatureTextBuilder.swift; sourceTree = "<group>"; };
		20B468212793B85900FC6050 /* SystemLocationWeatherRepository.swift */ = {isa = PBXFileReference; lastKnownFileType = sourcecode.swift; path = SystemLocationWeatherRepository.swift; sourceTree = "<group>"; };
		20B9CDCC27B8325900C42508 /* WeatherSourceTests.swift */ = {isa = PBXFileReference; lastKnownFileType = sourcecode.swift; path = WeatherSourceTests.swift; sourceTree = "<group>"; };
		20B9CDCE27B8335A00C42508 /* TemperatureUnitTests.swift */ = {isa = PBXFileReference; lastKnownFileType = sourcecode.swift; path = TemperatureUnitTests.swift; sourceTree = "<group>"; };
		20B9CDD027B833EE00C42508 /* RefreshIntervalTests.swift */ = {isa = PBXFileReference; lastKnownFileType = sourcecode.swift; path = RefreshIntervalTests.swift; sourceTree = "<group>"; };
		20BBCDA9278B8A18007DEEB0 /* WeatherViewModel.swift */ = {isa = PBXFileReference; lastKnownFileType = sourcecode.swift; path = WeatherViewModel.swift; sourceTree = "<group>"; };
		20BBCDAC278B8B28007DEEB0 /* WeatherViewModelType.swift */ = {isa = PBXFileReference; lastKnownFileType = sourcecode.swift; path = WeatherViewModelType.swift; sourceTree = "<group>"; };
		20BBCDAE278B92A7007DEEB0 /* SystemLocationFetcher.swift */ = {isa = PBXFileReference; lastKnownFileType = sourcecode.swift; path = SystemLocationFetcher.swift; sourceTree = "<group>"; };
		20CA6E10278F49AC00FFC53A /* TemperatureFormatter.swift */ = {isa = PBXFileReference; lastKnownFileType = sourcecode.swift; path = TemperatureFormatter.swift; sourceTree = "<group>"; };
		20CB480B27B83EF90043C60F /* Config.xcconfig */ = {isa = PBXFileReference; lastKnownFileType = text.xcconfig; path = Config.xcconfig; sourceTree = "<group>"; };
		20D8570F2A8317F5005727BB /* ConfigureUnitOptionsView.swift */ = {isa = PBXFileReference; lastKnownFileType = sourcecode.swift; path = ConfigureUnitOptionsView.swift; sourceTree = "<group>"; };
		20D857112A831802005727BB /* ConfigureWeatherOptionsView.swift */ = {isa = PBXFileReference; lastKnownFileType = sourcecode.swift; path = ConfigureWeatherOptionsView.swift; sourceTree = "<group>"; };
		20D857132A831A16005727BB /* ConfigureValueSeparatorOptionsView.swift */ = {isa = PBXFileReference; lastKnownFileType = sourcecode.swift; path = ConfigureValueSeparatorOptionsView.swift; sourceTree = "<group>"; };
		20D8571A2A831D62005727BB /* WeatherRepositoryType.swift */ = {isa = PBXFileReference; lastKnownFileType = sourcecode.swift; path = WeatherRepositoryType.swift; sourceTree = "<group>"; };
		20D8571C2A831F40005727BB /* WeatherRepositoryFactory.swift */ = {isa = PBXFileReference; lastKnownFileType = sourcecode.swift; path = WeatherRepositoryFactory.swift; sourceTree = "<group>"; };
		20D8571E2A832AC6005727BB /* TemperatureUnit.swift */ = {isa = PBXFileReference; lastKnownFileType = sourcecode.swift; path = TemperatureUnit.swift; sourceTree = "<group>"; };
		20E8A1A52C2B3C5A007E8733 /* Localizable.xcstrings */ = {isa = PBXFileReference; lastKnownFileType = text.json.xcstrings; path = Localizable.xcstrings; sourceTree = "<group>"; };
		20E8A1AA2C2B3FE6007E8733 /* TestData.swift */ = {isa = PBXFileReference; lastKnownFileType = sourcecode.swift; path = TestData.swift; sourceTree = "<group>"; };
		20F0E5F72C33500900434C3A /* AirQuality.swift */ = {isa = PBXFileReference; lastKnownFileType = sourcecode.swift; path = AirQuality.swift; sourceTree = "<group>"; };
		20F17D3926597A02003A164E /* WeatherData.swift */ = {isa = PBXFileReference; lastKnownFileType = sourcecode.swift; path = WeatherData.swift; sourceTree = "<group>"; };
		20FF84E92456326400FC9DAA /* DatWeatherDoe.entitlements */ = {isa = PBXFileReference; lastKnownFileType = text.plist.entitlements; path = DatWeatherDoe.entitlements; sourceTree = "<group>"; };
		61D04A2F1C7B7BCF00CBE6AE /* DatWeatherDoeTests.xctest */ = {isa = PBXFileReference; explicitFileType = wrapper.cfbundle; includeInIndex = 0; path = DatWeatherDoeTests.xctest; sourceTree = BUILT_PRODUCTS_DIR; };
		E3105BA52818805A00FB4C55 /* SunriseAndSunsetTextBuilder.swift */ = {isa = PBXFileReference; fileEncoding = 4; lastKnownFileType = sourcecode.swift; path = SunriseAndSunsetTextBuilder.swift; sourceTree = "<group>"; };
		E3BE2C90292C505A00C4F468 /* DropdownIcon.swift */ = {isa = PBXFileReference; lastKnownFileType = sourcecode.swift; path = DropdownIcon.swift; sourceTree = "<group>"; };
/* End PBXFileReference section */

/* Begin PBXFrameworksBuildPhase section */
		2023EDA01C4ED09C0087FD67 /* Frameworks */ = {
			isa = PBXFrameworksBuildPhase;
			buildActionMask = 2147483647;
			files = (
				2039B4072C2920BF006A6B6D /* MenuBarExtraAccess in Frameworks */,
				20012FA6267980EE00553B60 /* Reachability in Frameworks */,
			);
			runOnlyForDeploymentPostprocessing = 0;
		};
		61D04A2C1C7B7BCF00CBE6AE /* Frameworks */ = {
			isa = PBXFrameworksBuildPhase;
			buildActionMask = 2147483647;
			files = (
			);
			runOnlyForDeploymentPostprocessing = 0;
		};
/* End PBXFrameworksBuildPhase section */

/* Begin PBXGroup section */
		2005C050278CB4040067BBD1 /* Repository */ = {
			isa = PBXGroup;
			children = (
				20B468202793B81700FC6050 /* Coordinates */,
				20B4681F2793B81200FC6050 /* System */,
				2005C058278CB5FC0067BBD1 /* WeatherURLBuilder.swift */,
				20D8571A2A831D62005727BB /* WeatherRepositoryType.swift */,
				2005C054278CB4E40067BBD1 /* WeatherValidatorType.swift */,
				20D8571C2A831F40005727BB /* WeatherRepositoryFactory.swift */,
			);
			path = Repository;
			sourceTree = "<group>";
		};
		2023ED9A1C4ED09C0087FD67 = {
			isa = PBXGroup;
			children = (
				20CB480B27B83EF90043C60F /* Config.xcconfig */,
				2023EDA51C4ED09C0087FD67 /* DatWeatherDoe */,
				61D04A301C7B7BCF00CBE6AE /* DatWeatherDoeTests */,
				2023EDA41C4ED09C0087FD67 /* Products */,
				BF848D6F74093EEA00A37228 /* Frameworks */,
			);
			sourceTree = "<group>";
		};
		2023EDA41C4ED09C0087FD67 /* Products */ = {
			isa = PBXGroup;
			children = (
				2023EDA31C4ED09C0087FD67 /* DatWeatherDoe.app */,
				61D04A2F1C7B7BCF00CBE6AE /* DatWeatherDoeTests.xctest */,
			);
			name = Products;
			sourceTree = "<group>";
		};
		2023EDA51C4ED09C0087FD67 /* DatWeatherDoe */ = {
			isa = PBXGroup;
			children = (
				206523CE2659838A0026C506 /* API */,
				206523CF265983A90026C506 /* Config */,
				202B101F278D4F2100ED6D42 /* Reachability */,
				206523CC2659835D0026C506 /* UI */,
				20BBCDAB278B8B1C007DEEB0 /* ViewModel */,
				206523CD265983750026C506 /* Resources */,
				2039B3F82C28D18A006A6B6D /* DatWeatherDoeApp.swift */,
			);
			path = DatWeatherDoe;
			sourceTree = "<group>";
		};
		202B1016278D481100ED6D42 /* Condition */ = {
			isa = PBXGroup;
			children = (
				2039B3EE2C28996D006A6B6D /* WeatherCondition.swift */,
				202B1014278D46AB00ED6D42 /* WeatherConditionBuilder.swift */,
				2077BC51278DF98800E0453C /* WeatherConditionTextMapper.swift */,
			);
			path = Condition;
			sourceTree = "<group>";
		};
		202B101F278D4F2100ED6D42 /* Reachability */ = {
			isa = PBXGroup;
			children = (
				202B101D278D4F1900ED6D42 /* WeatherReachability.swift */,
			);
			path = Reachability;
			sourceTree = "<group>";
		};
		202B1027278D58B900ED6D42 /* Menu Bar */ = {
			isa = PBXGroup;
			children = (
				2000D4072AD86DAA0052EDA6 /* WindSpeedFormatter.swift */,
				E3BE2C90292C505A00C4F468 /* DropdownIcon.swift */,
				2039B3FA2C28D1B0006A6B6D /* CustomButton.swift */,
				2039B3FC2C28D1C0006A6B6D /* MenuOptionsView.swift */,
				2039B3FE2C28D1D3006A6B6D /* NonInteractiveMenuOptionView.swift */,
				2039B4002C291B5A006A6B6D /* MenuView.swift */,
			);
			path = "Menu Bar";
			sourceTree = "<group>";
		};
		2039B4022C291C19006A6B6D /* Status Bar */ = {
			isa = PBXGroup;
			children = (
				2039B4032C291C35006A6B6D /* StatusBarView.swift */,
			);
			path = "Status Bar";
			sourceTree = "<group>";
		};
		206523CC2659835D0026C506 /* UI */ = {
			isa = PBXGroup;
			children = (
				20CA6E0D278F3FDF00FFC53A /* Configure */,
				206523D72659CC4C0026C506 /* Decorator */,
				209F8A332790EC5000EB5C45 /* Forecaster */,
				202B1027278D58B900ED6D42 /* Menu Bar */,
				2039B4022C291C19006A6B6D /* Status Bar */,
			);
			path = UI;
			sourceTree = "<group>";
		};
		206523CD265983750026C506 /* Resources */ = {
			isa = PBXGroup;
			children = (
				20E8A1A92C2B3E4A007E8733 /* DevelopmentAssets */,
				20652400265B0F870026C506 /* Localization */,
				20FF84E92456326400FC9DAA /* DatWeatherDoe.entitlements */,
				2023EDA81C4ED09C0087FD67 /* Assets.xcassets */,
				2023EDAD1C4ED09C0087FD67 /* Info.plist */,
			);
			path = Resources;
			sourceTree = "<group>";
		};
		206523CE2659838A0026C506 /* API */ = {
			isa = PBXGroup;
			children = (
				209F8A3927913D0400EB5C45 /* Response */,
				209F8A3C27914A5900EB5C45 /* NetworkClient.swift */,
				20F17D3926597A02003A164E /* WeatherData.swift */,
				206523C726597B120026C506 /* WeatherError.swift */,
			);
			path = API;
			sourceTree = "<group>";
		};
		206523CF265983A90026C506 /* Config */ = {
			isa = PBXGroup;
			children = (
				206E15242A7C4C5C0096D33C /* ConfigOptions.swift */,
				20459C631C5C50DA004D0DC1 /* ConfigManager.swift */,
				202B102F278D632800ED6D42 /* APIKeyParser.swift */,
			);
			path = Config;
			sourceTree = "<group>";
		};
		206523D72659CC4C0026C506 /* Decorator */ = {
			isa = PBXGroup;
			children = (
				202B1016278D481100ED6D42 /* Condition */,
				20B468152793958800FC6050 /* Text */,
				206523D52659A92B0026C506 /* WeatherDataBuilder.swift */,
			);
			path = Decorator;
			sourceTree = "<group>";
		};
		20652400265B0F870026C506 /* Localization */ = {
			isa = PBXGroup;
			children = (
				20E8A1A52C2B3C5A007E8733 /* Localizable.xcstrings */,
			);
			path = Localization;
			sourceTree = "<group>";
		};
		2074949627A09263002AA589 /* API */ = {
			isa = PBXGroup;
			children = (
				2074949727A0926E002AA589 /* Repository */,
			);
			path = API;
			sourceTree = "<group>";
		};
		2074949727A0926E002AA589 /* Repository */ = {
			isa = PBXGroup;
			children = (
				2074949A27A09337002AA589 /* Location */,
				2074949827A09278002AA589 /* WeatherURLBuilderTests.swift */,
			);
			path = Repository;
			sourceTree = "<group>";
		};
		2074949A27A09337002AA589 /* Location */ = {
			isa = PBXGroup;
			children = (
				20B3845D27A1CFC200F85482 /* Coordinates */,
			);
			path = Location;
			sourceTree = "<group>";
		};
		209F8A332790EC5000EB5C45 /* Forecaster */ = {
			isa = PBXGroup;
			children = (
				202B1028278D5A7100ED6D42 /* WeatherForecaster.swift */,
			);
			path = Forecaster;
			sourceTree = "<group>";
		};
		209F8A3927913D0400EB5C45 /* Response */ = {
			isa = PBXGroup;
			children = (
				201C6C4520262E380065E795 /* WeatherAPIResponse.swift */,
				2005C05C278CE0350067BBD1 /* WeatherAPIResponseParser.swift */,
				2039B3DE2C278AA4006A6B6D /* SunriseSunsetData.swift */,
				2039B3E22C289697006A6B6D /* TemperatureData.swift */,
				2039B3E62C2896BD006A6B6D /* WindData.swift */,
				2039B3E82C2896CF006A6B6D /* ForecastData.swift */,
				2039B3EA2C2896D7006A6B6D /* ForecastTemperatureData.swift */,
				20F0E5F72C33500900434C3A /* AirQuality.swift */,
			);
			path = Response;
			sourceTree = "<group>";
		};
		20AF0D962795257100AA7D18 /* Options */ = {
			isa = PBXGroup;
			children = (
				20D8571E2A832AC6005727BB /* TemperatureUnit.swift */,
				209482C529934BFF00AF39D4 /* MeasurementUnit.swift */,
				206523FA265AD5730026C506 /* WeatherSource.swift */,
				206523FC265AF03E0026C506 /* RefreshInterval.swift */,
				206FF1BA2BB4BB9400111EAE /* WeatherConditionPosition.swift */,
			);
			path = Options;
			sourceTree = "<group>";
		};
		20B3845D27A1CFC200F85482 /* Coordinates */ = {
			isa = PBXGroup;
			children = (
				20B3845E27A1CFE800F85482 /* LocationValidatorTests.swift */,
			);
			path = Coordinates;
			sourceTree = "<group>";
		};
		20B468152793958800FC6050 /* Text */ = {
			isa = PBXGroup;
			children = (
				20B4681C2793AA0E00FC6050 /* Temperature */,
				20B468182793989B00FC6050 /* HumidityTextBuilder.swift */,
				E3105BA52818805A00FB4C55 /* SunriseAndSunsetTextBuilder.swift */,
				20B46813279394FB00FC6050 /* WeatherTextBuilder.swift */,
			);
			path = Text;
			sourceTree = "<group>";
		};
		20B4681C2793AA0E00FC6050 /* Temperature */ = {
			isa = PBXGroup;
			children = (
				20B4681A2793A7E300FC6050 /* TemperatureTextBuilder.swift */,
				20CA6E10278F49AC00FFC53A /* TemperatureFormatter.swift */,
				2044E91D2867D3CF00AED55B /* TemperatureForecastTextBuilder.swift */,
				204597672A84492400CF73CE /* TemperatureWithDegreesCreator.swift */,
			);
			path = Temperature;
			sourceTree = "<group>";
		};
		20B4681F2793B81200FC6050 /* System */ = {
			isa = PBXGroup;
			children = (
				20B468212793B85900FC6050 /* SystemLocationWeatherRepository.swift */,
				20BBCDAE278B92A7007DEEB0 /* SystemLocationFetcher.swift */,
			);
			path = System;
			sourceTree = "<group>";
		};
		20B468202793B81700FC6050 /* Coordinates */ = {
			isa = PBXGroup;
			children = (
				209F8A4027915DBC00EB5C45 /* LocationCoordinatesWeatherRepository.swift */,
				209F8A37279136D300EB5C45 /* LocationValidator.swift */,
				2005C056278CB5640067BBD1 /* LocationParser.swift */,
			);
			path = Coordinates;
			sourceTree = "<group>";
		};
		20B9CDC827B8316000C42508 /* Config */ = {
			isa = PBXGroup;
			children = (
				206523DC265ABDF30026C506 /* ConfigManagerTests.swift */,
			);
			path = Config;
			sourceTree = "<group>";
		};
		20B9CDC927B8323900C42508 /* UI */ = {
			isa = PBXGroup;
			children = (
				20B9CDCA27B8324300C42508 /* Configure */,
			);
			path = UI;
			sourceTree = "<group>";
		};
		20B9CDCA27B8324300C42508 /* Configure */ = {
			isa = PBXGroup;
			children = (
				20B9CDCB27B8324900C42508 /* Options */,
			);
			path = Configure;
			sourceTree = "<group>";
		};
		20B9CDCB27B8324900C42508 /* Options */ = {
			isa = PBXGroup;
			children = (
				20B9CDCC27B8325900C42508 /* WeatherSourceTests.swift */,
				20B9CDCE27B8335A00C42508 /* TemperatureUnitTests.swift */,
				20B9CDD027B833EE00C42508 /* RefreshIntervalTests.swift */,
			);
			path = Options;
			sourceTree = "<group>";
		};
		20BBCDAB278B8B1C007DEEB0 /* ViewModel */ = {
			isa = PBXGroup;
			children = (
				2005C050278CB4040067BBD1 /* Repository */,
				20BBCDAC278B8B28007DEEB0 /* WeatherViewModelType.swift */,
				20BBCDA9278B8A18007DEEB0 /* WeatherViewModel.swift */,
				200520F52C29426E00006FC0 /* WeatherDataFormatter.swift */,
			);
			path = ViewModel;
			sourceTree = "<group>";
		};
		20CA6E0D278F3FDF00FFC53A /* Configure */ = {
			isa = PBXGroup;
			children = (
				20AF0D962795257100AA7D18 /* Options */,
				2085263427E80B9E0017D7F4 /* ConfigureViewModel.swift */,
				20206F0627BFF3D7004B418F /* ConfigureView.swift */,
				206E152E2A7C544D0096D33C /* ConfigureOptionsView.swift */,
				20D857112A831802005727BB /* ConfigureWeatherOptionsView.swift */,
				20D8570F2A8317F5005727BB /* ConfigureUnitOptionsView.swift */,
				20D857132A831A16005727BB /* ConfigureValueSeparatorOptionsView.swift */,
			);
			path = Configure;
			sourceTree = "<group>";
		};
		20E8A1A92C2B3E4A007E8733 /* DevelopmentAssets */ = {
			isa = PBXGroup;
			children = (
				20E8A1AA2C2B3FE6007E8733 /* TestData.swift */,
			);
			path = DevelopmentAssets;
			sourceTree = "<group>";
		};
		61D04A301C7B7BCF00CBE6AE /* DatWeatherDoeTests */ = {
			isa = PBXGroup;
			children = (
				207E989B26838D0D00DC2162 /* DatWeatherDoe.xctestplan */,
				2074949627A09263002AA589 /* API */,
				20B9CDC827B8316000C42508 /* Config */,
				20B9CDC927B8323900C42508 /* UI */,
			);
			path = DatWeatherDoeTests;
			sourceTree = "<group>";
		};
		BF848D6F74093EEA00A37228 /* Frameworks */ = {
			isa = PBXGroup;
			children = (
			);
			name = Frameworks;
			sourceTree = "<group>";
		};
/* End PBXGroup section */

/* Begin PBXNativeTarget section */
		2023EDA21C4ED09C0087FD67 /* DatWeatherDoe */ = {
			isa = PBXNativeTarget;
			buildConfigurationList = 2023EDB01C4ED09C0087FD67 /* Build configuration list for PBXNativeTarget "DatWeatherDoe" */;
			buildPhases = (
				2023ED9F1C4ED09C0087FD67 /* Sources */,
				2023EDA01C4ED09C0087FD67 /* Frameworks */,
				2023EDA11C4ED09C0087FD67 /* Resources */,
			);
			buildRules = (
			);
			dependencies = (
				20CB68BE2A2D9033001C73B9 /* PBXTargetDependency */,
			);
			name = DatWeatherDoe;
			packageProductDependencies = (
				20012FA5267980EE00553B60 /* Reachability */,
				2039B4062C2920BF006A6B6D /* MenuBarExtraAccess */,
			);
			productName = SwiftWeather;
			productReference = 2023EDA31C4ED09C0087FD67 /* DatWeatherDoe.app */;
			productType = "com.apple.product-type.application";
		};
		61D04A2E1C7B7BCF00CBE6AE /* DatWeatherDoeTests */ = {
			isa = PBXNativeTarget;
			buildConfigurationList = 61D04A381C7B7BCF00CBE6AE /* Build configuration list for PBXNativeTarget "DatWeatherDoeTests" */;
			buildPhases = (
				61D04A2B1C7B7BCF00CBE6AE /* Sources */,
				61D04A2C1C7B7BCF00CBE6AE /* Frameworks */,
				61D04A2D1C7B7BCF00CBE6AE /* Resources */,
			);
			buildRules = (
			);
			dependencies = (
				61D04A351C7B7BCF00CBE6AE /* PBXTargetDependency */,
			);
			name = DatWeatherDoeTests;
			packageProductDependencies = (
			);
			productName = DefaultsTests;
			productReference = 61D04A2F1C7B7BCF00CBE6AE /* DatWeatherDoeTests.xctest */;
			productType = "com.apple.product-type.bundle.unit-test";
		};
/* End PBXNativeTarget section */

/* Begin PBXProject section */
		2023ED9B1C4ED09C0087FD67 /* Project object */ = {
			isa = PBXProject;
			attributes = {
				BuildIndependentTargetsInParallel = YES;
				LastSwiftUpdateCheck = 1330;
				LastUpgradeCheck = 1520;
				ORGANIZATIONNAME = "Inder Dhir";
				TargetAttributes = {
					2023EDA21C4ED09C0087FD67 = {
						CreatedOnToolsVersion = 7.2;
						LastSwiftMigration = 1000;
						SystemCapabilities = {
							com.apple.Sandbox = {
								enabled = 0;
							};
						};
					};
					61D04A2E1C7B7BCF00CBE6AE = {
						CreatedOnToolsVersion = 7.2.1;
						LastSwiftMigration = 0810;
						TestTargetID = 2023EDA21C4ED09C0087FD67;
					};
				};
			};
			buildConfigurationList = 2023ED9E1C4ED09C0087FD67 /* Build configuration list for PBXProject "DatWeatherDoe" */;
			compatibilityVersion = "Xcode 12.0";
			developmentRegion = en;
			hasScannedForEncodings = 0;
			knownRegions = (
				en,
				Base,
				fr,
				de,
				it,
				ja,
				"zh-Hans",
			);
			mainGroup = 2023ED9A1C4ED09C0087FD67;
			packageReferences = (
				20012FA4267980EE00553B60 /* XCRemoteSwiftPackageReference "Reachability" */,
				20CB68BC2A2D9029001C73B9 /* XCRemoteSwiftPackageReference "SwiftLint" */,
				2000D40D2AD88D6B0052EDA6 /* XCRemoteSwiftPackageReference "SwiftFormat" */,
				2039B4052C2920BF006A6B6D /* XCRemoteSwiftPackageReference "MenuBarExtraAccess" */,
			);
			productRefGroup = 2023EDA41C4ED09C0087FD67 /* Products */;
			projectDirPath = "";
			projectRoot = "";
			targets = (
				2023EDA21C4ED09C0087FD67 /* DatWeatherDoe */,
				61D04A2E1C7B7BCF00CBE6AE /* DatWeatherDoeTests */,
			);
		};
/* End PBXProject section */

/* Begin PBXResourcesBuildPhase section */
		2023EDA11C4ED09C0087FD67 /* Resources */ = {
			isa = PBXResourcesBuildPhase;
			buildActionMask = 2147483647;
			files = (
				2023EDA91C4ED09C0087FD67 /* Assets.xcassets in Resources */,
				20E8A1A62C2B3C5A007E8733 /* Localizable.xcstrings in Resources */,
			);
			runOnlyForDeploymentPostprocessing = 0;
		};
		61D04A2D1C7B7BCF00CBE6AE /* Resources */ = {
			isa = PBXResourcesBuildPhase;
			buildActionMask = 2147483647;
			files = (
			);
			runOnlyForDeploymentPostprocessing = 0;
		};
/* End PBXResourcesBuildPhase section */

/* Begin PBXSourcesBuildPhase section */
		2023ED9F1C4ED09C0087FD67 /* Sources */ = {
			isa = PBXSourcesBuildPhase;
			buildActionMask = 2147483647;
			files = (
				209174102A9BDA4A00BB63E0 /* ConfigureViewModel.swift in Sources */,
				2005C055278CB4E40067BBD1 /* WeatherValidatorType.swift in Sources */,
				20B468222793B85900FC6050 /* SystemLocationWeatherRepository.swift in Sources */,
				20E8A1AB2C2B3FE6007E8733 /* TestData.swift in Sources */,
				2039B3FB2C28D1B0006A6B6D /* CustomButton.swift in Sources */,
				20BBCDAF278B92A7007DEEB0 /* SystemLocationFetcher.swift in Sources */,
				209482C629934BFF00AF39D4 /* MeasurementUnit.swift in Sources */,
				2005C057278CB5640067BBD1 /* LocationParser.swift in Sources */,
				2005C05D278CE0350067BBD1 /* WeatherAPIResponseParser.swift in Sources */,
				20F0E5F82C33500900434C3A /* AirQuality.swift in Sources */,
				2000D4082AD86DAA0052EDA6 /* WindSpeedFormatter.swift in Sources */,
				2039B3FF2C28D1D3006A6B6D /* NonInteractiveMenuOptionView.swift in Sources */,
				20459C641C5C50DA004D0DC1 /* ConfigManager.swift in Sources */,
				2039B3F92C28D18A006A6B6D /* DatWeatherDoeApp.swift in Sources */,
				2039B3E32C289697006A6B6D /* TemperatureData.swift in Sources */,
				2039B3FD2C28D1C0006A6B6D /* MenuOptionsView.swift in Sources */,
				20B4681B2793A7E300FC6050 /* TemperatureTextBuilder.swift in Sources */,
				20BBCDAA278B8A18007DEEB0 /* WeatherViewModel.swift in Sources */,
				2039B3EF2C28996D006A6B6D /* WeatherCondition.swift in Sources */,
				204597682A84492400CF73CE /* TemperatureWithDegreesCreator.swift in Sources */,
				E3BE2C91292C505A00C4F468 /* DropdownIcon.swift in Sources */,
				202B1030278D632800ED6D42 /* APIKeyParser.swift in Sources */,
				209F8A4127915DBC00EB5C45 /* LocationCoordinatesWeatherRepository.swift in Sources */,
				E3105BA62818805A00FB4C55 /* SunriseAndSunsetTextBuilder.swift in Sources */,
				202B101E278D4F1900ED6D42 /* WeatherReachability.swift in Sources */,
				2039B3DF2C278AA4006A6B6D /* SunriseSunsetData.swift in Sources */,
				2039B4012C291B5A006A6B6D /* MenuView.swift in Sources */,
				20B46814279394FB00FC6050 /* WeatherTextBuilder.swift in Sources */,
				20CA6E11278F49AC00FFC53A /* TemperatureFormatter.swift in Sources */,
				2077BC52278DF98800E0453C /* WeatherConditionTextMapper.swift in Sources */,
				20BBCDAD278B8B28007DEEB0 /* WeatherViewModelType.swift in Sources */,
				20D8571F2A832AC6005727BB /* TemperatureUnit.swift in Sources */,
				20D857102A8317F5005727BB /* ConfigureUnitOptionsView.swift in Sources */,
				202B1029278D5A7100ED6D42 /* WeatherForecaster.swift in Sources */,
				206523C826597B120026C506 /* WeatherError.swift in Sources */,
				209F8A38279136D300EB5C45 /* LocationValidator.swift in Sources */,
				20D8571B2A831D62005727BB /* WeatherRepositoryType.swift in Sources */,
				2044E91E2867D3CF00AED55B /* TemperatureForecastTextBuilder.swift in Sources */,
				20D857142A831A16005727BB /* ConfigureValueSeparatorOptionsView.swift in Sources */,
				201C6C4620262E380065E795 /* WeatherAPIResponse.swift in Sources */,
				206E15252A7C4C5C0096D33C /* ConfigOptions.swift in Sources */,
				2039B3E72C2896BD006A6B6D /* WindData.swift in Sources */,
				2005C059278CB5FC0067BBD1 /* WeatherURLBuilder.swift in Sources */,
				20D857122A831802005727BB /* ConfigureWeatherOptionsView.swift in Sources */,
				20D8571D2A831F40005727BB /* WeatherRepositoryFactory.swift in Sources */,
				20B468192793989B00FC6050 /* HumidityTextBuilder.swift in Sources */,
				206523D62659A92B0026C506 /* WeatherDataBuilder.swift in Sources */,
				206FF1BB2BB4BB9400111EAE /* WeatherConditionPosition.swift in Sources */,
				20206F0727BFF3D7004B418F /* ConfigureView.swift in Sources */,
				200520F62C29426E00006FC0 /* WeatherDataFormatter.swift in Sources */,
				2039B3EB2C2896D7006A6B6D /* ForecastTemperatureData.swift in Sources */,
				20F17D3A26597A02003A164E /* WeatherData.swift in Sources */,
				202B1015278D46AB00ED6D42 /* WeatherConditionBuilder.swift in Sources */,
				206E152F2A7C544D0096D33C /* ConfigureOptionsView.swift in Sources */,
				2039B3E92C2896CF006A6B6D /* ForecastData.swift in Sources */,
				209F8A3D27914A5900EB5C45 /* NetworkClient.swift in Sources */,
				2039B4042C291C35006A6B6D /* StatusBarView.swift in Sources */,
				206523FD265AF03E0026C506 /* RefreshInterval.swift in Sources */,
				206523FB265AD5730026C506 /* WeatherSource.swift in Sources */,
			);
			runOnlyForDeploymentPostprocessing = 0;
		};
		61D04A2B1C7B7BCF00CBE6AE /* Sources */ = {
			isa = PBXSourcesBuildPhase;
			buildActionMask = 2147483647;
			files = (
				2074949927A09278002AA589 /* WeatherURLBuilderTests.swift in Sources */,
				20B9CDCF27B8335A00C42508 /* TemperatureUnitTests.swift in Sources */,
				206523DD265ABDF30026C506 /* ConfigManagerTests.swift in Sources */,
				20B3845F27A1CFE800F85482 /* LocationValidatorTests.swift in Sources */,
				20B9CDD127B833EE00C42508 /* RefreshIntervalTests.swift in Sources */,
				20B9CDCD27B8325900C42508 /* WeatherSourceTests.swift in Sources */,
			);
			runOnlyForDeploymentPostprocessing = 0;
		};
/* End PBXSourcesBuildPhase section */

/* Begin PBXTargetDependency section */
		20CB68BE2A2D9033001C73B9 /* PBXTargetDependency */ = {
			isa = PBXTargetDependency;
			productRef = 20CB68BD2A2D9033001C73B9 /* SwiftLintPlugin */;
		};
		61D04A351C7B7BCF00CBE6AE /* PBXTargetDependency */ = {
			isa = PBXTargetDependency;
			target = 2023EDA21C4ED09C0087FD67 /* DatWeatherDoe */;
			targetProxy = 61D04A341C7B7BCF00CBE6AE /* PBXContainerItemProxy */;
		};
/* End PBXTargetDependency section */

/* Begin XCBuildConfiguration section */
		2023EDAE1C4ED09C0087FD67 /* Debug */ = {
			isa = XCBuildConfiguration;
			baseConfigurationReference = 20CB480B27B83EF90043C60F /* Config.xcconfig */;
			buildSettings = {
				ALWAYS_SEARCH_USER_PATHS = NO;
				ASSETCATALOG_COMPILER_GENERATE_SWIFT_ASSET_SYMBOL_EXTENSIONS = YES;
				CLANG_ANALYZER_LOCALIZABILITY_NONLOCALIZED = YES;
				CLANG_ENABLE_MODULES = YES;
				CLANG_ENABLE_OBJC_ARC = YES;
				CLANG_WARN_BLOCK_CAPTURE_AUTORELEASING = YES;
				CLANG_WARN_BOOL_CONVERSION = YES;
				CLANG_WARN_COMMA = YES;
				CLANG_WARN_CONSTANT_CONVERSION = YES;
				CLANG_WARN_DEPRECATED_OBJC_IMPLEMENTATIONS = YES;
				CLANG_WARN_DIRECT_OBJC_ISA_USAGE = YES_ERROR;
				CLANG_WARN_EMPTY_BODY = YES;
				CLANG_WARN_ENUM_CONVERSION = YES;
				CLANG_WARN_INFINITE_RECURSION = YES;
				CLANG_WARN_INT_CONVERSION = YES;
				CLANG_WARN_NON_LITERAL_NULL_CONVERSION = YES;
				CLANG_WARN_OBJC_IMPLICIT_RETAIN_SELF = YES;
				CLANG_WARN_OBJC_LITERAL_CONVERSION = YES;
				CLANG_WARN_OBJC_ROOT_CLASS = YES_ERROR;
				CLANG_WARN_QUOTED_INCLUDE_IN_FRAMEWORK_HEADER = YES;
				CLANG_WARN_RANGE_LOOP_ANALYSIS = YES;
				CLANG_WARN_STRICT_PROTOTYPES = YES;
				CLANG_WARN_SUSPICIOUS_MOVE = YES;
				CLANG_WARN_UNREACHABLE_CODE = YES;
				CLANG_WARN__DUPLICATE_METHOD_MATCH = YES;
				CODE_SIGN_IDENTITY = "-";
				COPY_PHASE_STRIP = NO;
				DEAD_CODE_STRIPPING = YES;
				ENABLE_STRICT_OBJC_MSGSEND = YES;
				ENABLE_TESTABILITY = YES;
				ENABLE_USER_SCRIPT_SANDBOXING = YES;
				GCC_NO_COMMON_BLOCKS = YES;
				GCC_OPTIMIZATION_LEVEL = 0;
				GCC_PREPROCESSOR_DEFINITIONS = (
					"DEBUG=1",
					"$(inherited)",
				);
				GCC_WARN_64_TO_32_BIT_CONVERSION = YES;
				GCC_WARN_ABOUT_RETURN_TYPE = YES_ERROR;
				GCC_WARN_UNDECLARED_SELECTOR = YES;
				GCC_WARN_UNINITIALIZED_AUTOS = YES_AGGRESSIVE;
				GCC_WARN_UNUSED_FUNCTION = YES;
				GCC_WARN_UNUSED_VARIABLE = YES;
				LOCALIZATION_PREFERS_STRING_CATALOGS = YES;
				MACOSX_DEPLOYMENT_TARGET = 13.0;
				MTL_ENABLE_DEBUG_INFO = YES;
				ONLY_ACTIVE_ARCH = YES;
				SDKROOT = macosx;
				SWIFT_EMIT_LOC_STRINGS = YES;
				SWIFT_OPTIMIZATION_LEVEL = "-Onone";
				SWIFT_VERSION = 5.0;
			};
			name = Debug;
		};
		2023EDAF1C4ED09C0087FD67 /* Release */ = {
			isa = XCBuildConfiguration;
			baseConfigurationReference = 20CB480B27B83EF90043C60F /* Config.xcconfig */;
			buildSettings = {
				ALWAYS_SEARCH_USER_PATHS = NO;
				ASSETCATALOG_COMPILER_GENERATE_SWIFT_ASSET_SYMBOL_EXTENSIONS = YES;
				CLANG_ANALYZER_LOCALIZABILITY_NONLOCALIZED = YES;
				CLANG_ENABLE_MODULES = YES;
				CLANG_ENABLE_OBJC_ARC = YES;
				CLANG_WARN_BLOCK_CAPTURE_AUTORELEASING = YES;
				CLANG_WARN_BOOL_CONVERSION = YES;
				CLANG_WARN_COMMA = YES;
				CLANG_WARN_CONSTANT_CONVERSION = YES;
				CLANG_WARN_DEPRECATED_OBJC_IMPLEMENTATIONS = YES;
				CLANG_WARN_DIRECT_OBJC_ISA_USAGE = YES_ERROR;
				CLANG_WARN_EMPTY_BODY = YES;
				CLANG_WARN_ENUM_CONVERSION = YES;
				CLANG_WARN_INFINITE_RECURSION = YES;
				CLANG_WARN_INT_CONVERSION = YES;
				CLANG_WARN_NON_LITERAL_NULL_CONVERSION = YES;
				CLANG_WARN_OBJC_IMPLICIT_RETAIN_SELF = YES;
				CLANG_WARN_OBJC_LITERAL_CONVERSION = YES;
				CLANG_WARN_OBJC_ROOT_CLASS = YES_ERROR;
				CLANG_WARN_QUOTED_INCLUDE_IN_FRAMEWORK_HEADER = YES;
				CLANG_WARN_RANGE_LOOP_ANALYSIS = YES;
				CLANG_WARN_STRICT_PROTOTYPES = YES;
				CLANG_WARN_SUSPICIOUS_MOVE = YES;
				CLANG_WARN_UNREACHABLE_CODE = YES;
				CLANG_WARN__DUPLICATE_METHOD_MATCH = YES;
				CODE_SIGN_IDENTITY = "-";
				COPY_PHASE_STRIP = NO;
				DEAD_CODE_STRIPPING = YES;
				DEBUG_INFORMATION_FORMAT = "dwarf-with-dsym";
				ENABLE_NS_ASSERTIONS = NO;
				ENABLE_STRICT_OBJC_MSGSEND = YES;
				ENABLE_USER_SCRIPT_SANDBOXING = YES;
				GCC_NO_COMMON_BLOCKS = YES;
				GCC_WARN_64_TO_32_BIT_CONVERSION = YES;
				GCC_WARN_ABOUT_RETURN_TYPE = YES_ERROR;
				GCC_WARN_UNDECLARED_SELECTOR = YES;
				GCC_WARN_UNINITIALIZED_AUTOS = YES_AGGRESSIVE;
				GCC_WARN_UNUSED_FUNCTION = YES;
				GCC_WARN_UNUSED_VARIABLE = YES;
				LOCALIZATION_PREFERS_STRING_CATALOGS = YES;
				MACOSX_DEPLOYMENT_TARGET = 13.0;
				MTL_ENABLE_DEBUG_INFO = NO;
				SDKROOT = macosx;
				SWIFT_COMPILATION_MODE = wholemodule;
				SWIFT_EMIT_LOC_STRINGS = YES;
				SWIFT_OPTIMIZATION_LEVEL = "-O";
				SWIFT_VERSION = 5.0;
			};
			name = Release;
		};
		2023EDB11C4ED09C0087FD67 /* Debug */ = {
			isa = XCBuildConfiguration;
			buildSettings = {
				ALWAYS_EMBED_SWIFT_STANDARD_LIBRARIES = YES;
				ASSETCATALOG_COMPILER_APPICON_NAME = AppIcon;
				CODE_SIGN_ENTITLEMENTS = DatWeatherDoe/Resources/DatWeatherDoe.entitlements;
				CODE_SIGN_IDENTITY = "Mac Developer";
				"CODE_SIGN_IDENTITY[sdk=macosx*]" = "Mac Developer";
				COMBINE_HIDPI_IMAGES = YES;
				CURRENT_PROJECT_VERSION = 49;
				DEAD_CODE_STRIPPING = YES;
				DEVELOPMENT_ASSET_PATHS = "\"DatWeatherDoe/Resources/DevelopmentAssets\" \"DatWeatherDoe/Resources/DevelopmentAssets/TestData.swift\"";
				DEVELOPMENT_TEAM = Q8X4D3A8MT;
				ENABLE_HARDENED_RUNTIME = YES;
				INFOPLIST_FILE = "$(SRCROOT)/DatWeatherDoe/Resources/Info.plist";
				INFOPLIST_KEY_CFBundleDisplayName = DatWeatherDoe;
				INFOPLIST_KEY_LSApplicationCategoryType = "public.app-category.weather";
				LD_RUNPATH_SEARCH_PATHS = (
					"$(inherited)",
					"@executable_path/../Frameworks",
				);
				MARKETING_VERSION = 5.2.1;
				PRODUCT_BUNDLE_IDENTIFIER = com.inderdhir.DatWeatherDoe.debug;
				PRODUCT_NAME = DatWeatherDoe;
				PROVISIONING_PROFILE = "";
				SWIFT_STRICT_CONCURRENCY = complete;
				SWIFT_SWIFT3_OBJC_INFERENCE = Default;
			};
			name = Debug;
		};
		2023EDB21C4ED09C0087FD67 /* Release */ = {
			isa = XCBuildConfiguration;
			buildSettings = {
				ALWAYS_EMBED_SWIFT_STANDARD_LIBRARIES = YES;
				ASSETCATALOG_COMPILER_APPICON_NAME = AppIcon;
				CODE_SIGN_ENTITLEMENTS = DatWeatherDoe/Resources/DatWeatherDoe.entitlements;
				CODE_SIGN_IDENTITY = "Mac Developer";
				"CODE_SIGN_IDENTITY[sdk=macosx*]" = "Mac Developer";
				COMBINE_HIDPI_IMAGES = YES;
				CURRENT_PROJECT_VERSION = 49;
				DEAD_CODE_STRIPPING = YES;
				DEVELOPMENT_ASSET_PATHS = "\"DatWeatherDoe/Resources/DevelopmentAssets\" \"DatWeatherDoe/Resources/DevelopmentAssets/TestData.swift\"";
				DEVELOPMENT_TEAM = Q8X4D3A8MT;
				ENABLE_HARDENED_RUNTIME = YES;
				INFOPLIST_FILE = "$(SRCROOT)/DatWeatherDoe/Resources/Info.plist";
				INFOPLIST_KEY_CFBundleDisplayName = DatWeatherDoe;
				INFOPLIST_KEY_LSApplicationCategoryType = "public.app-category.weather";
				LD_RUNPATH_SEARCH_PATHS = (
					"$(inherited)",
					"@executable_path/../Frameworks",
				);
				MARKETING_VERSION = 5.2.1;
				PRODUCT_BUNDLE_IDENTIFIER = com.inderdhir.DatWeatherDoe;
				PRODUCT_NAME = DatWeatherDoe;
				PROVISIONING_PROFILE = "";
				SWIFT_STRICT_CONCURRENCY = complete;
				SWIFT_SWIFT3_OBJC_INFERENCE = Default;
			};
			name = Release;
		};
		61D04A361C7B7BCF00CBE6AE /* Debug */ = {
			isa = XCBuildConfiguration;
			buildSettings = {
				BUNDLE_LOADER = "$(TEST_HOST)";
				CODE_SIGN_IDENTITY = "Apple Development";
				CODE_SIGN_STYLE = Automatic;
				CURRENT_PROJECT_VERSION = 1;
				DEAD_CODE_STRIPPING = YES;
				DEVELOPMENT_TEAM = Q8X4D3A8MT;
				GENERATE_INFOPLIST_FILE = YES;
				MARKETING_VERSION = 1.0;
				PRODUCT_BUNDLE_IDENTIFIER = com.inderdhir.DefaultsTests;
				PRODUCT_NAME = "$(TARGET_NAME)";
				PROVISIONING_PROFILE_SPECIFIER = "";
				TEST_HOST = "$(BUILT_PRODUCTS_DIR)/DatWeatherDoe.app/Contents/MacOS/DatWeatherDoe";
			};
			name = Debug;
		};
		61D04A371C7B7BCF00CBE6AE /* Release */ = {
			isa = XCBuildConfiguration;
			buildSettings = {
				BUNDLE_LOADER = "$(TEST_HOST)";
				CODE_SIGN_IDENTITY = "Apple Distribution";
				CODE_SIGN_STYLE = Automatic;
				CURRENT_PROJECT_VERSION = 1;
				DEAD_CODE_STRIPPING = YES;
				DEVELOPMENT_TEAM = "";
				GENERATE_INFOPLIST_FILE = YES;
				MARKETING_VERSION = 1.0;
				PRODUCT_BUNDLE_IDENTIFIER = com.inderdhir.DefaultsTests;
				PRODUCT_NAME = "$(TARGET_NAME)";
				PROVISIONING_PROFILE_SPECIFIER = "";
				TEST_HOST = "$(BUILT_PRODUCTS_DIR)/DatWeatherDoe.app/Contents/MacOS/DatWeatherDoe";
			};
			name = Release;
		};
/* End XCBuildConfiguration section */

/* Begin XCConfigurationList section */
		2023ED9E1C4ED09C0087FD67 /* Build configuration list for PBXProject "DatWeatherDoe" */ = {
			isa = XCConfigurationList;
			buildConfigurations = (
				2023EDAE1C4ED09C0087FD67 /* Debug */,
				2023EDAF1C4ED09C0087FD67 /* Release */,
			);
			defaultConfigurationIsVisible = 0;
			defaultConfigurationName = Release;
		};
		2023EDB01C4ED09C0087FD67 /* Build configuration list for PBXNativeTarget "DatWeatherDoe" */ = {
			isa = XCConfigurationList;
			buildConfigurations = (
				2023EDB11C4ED09C0087FD67 /* Debug */,
				2023EDB21C4ED09C0087FD67 /* Release */,
			);
			defaultConfigurationIsVisible = 0;
			defaultConfigurationName = Release;
		};
		61D04A381C7B7BCF00CBE6AE /* Build configuration list for PBXNativeTarget "DatWeatherDoeTests" */ = {
			isa = XCConfigurationList;
			buildConfigurations = (
				61D04A361C7B7BCF00CBE6AE /* Debug */,
				61D04A371C7B7BCF00CBE6AE /* Release */,
			);
			defaultConfigurationIsVisible = 0;
			defaultConfigurationName = Release;
		};
/* End XCConfigurationList section */

/* Begin XCRemoteSwiftPackageReference section */
		2000D40D2AD88D6B0052EDA6 /* XCRemoteSwiftPackageReference "SwiftFormat" */ = {
			isa = XCRemoteSwiftPackageReference;
			repositoryURL = "https://github.com/nicklockwood/SwiftFormat";
			requirement = {
				kind = exactVersion;
				version = 0.54.0;
			};
		};
		20012FA4267980EE00553B60 /* XCRemoteSwiftPackageReference "Reachability" */ = {
			isa = XCRemoteSwiftPackageReference;
			repositoryURL = "https://github.com/ashleymills/Reachability.swift";
			requirement = {
				kind = exactVersion;
				version = 5.2.3;
			};
		};
		2039B4052C2920BF006A6B6D /* XCRemoteSwiftPackageReference "MenuBarExtraAccess" */ = {
			isa = XCRemoteSwiftPackageReference;
			repositoryURL = "https://github.com/orchetect/MenuBarExtraAccess";
			requirement = {
				kind = exactVersion;
				version = 1.0.5;
			};
		};
		20CB68BC2A2D9029001C73B9 /* XCRemoteSwiftPackageReference "SwiftLint" */ = {
			isa = XCRemoteSwiftPackageReference;
			repositoryURL = "https://github.com/realm/SwiftLint";
			requirement = {
				kind = exactVersion;
				version = 0.55.1;
			};
		};
/* End XCRemoteSwiftPackageReference section */

/* Begin XCSwiftPackageProductDependency section */
		20012FA5267980EE00553B60 /* Reachability */ = {
			isa = XCSwiftPackageProductDependency;
			package = 20012FA4267980EE00553B60 /* XCRemoteSwiftPackageReference "Reachability" */;
			productName = Reachability;
		};
		2039B4062C2920BF006A6B6D /* MenuBarExtraAccess */ = {
			isa = XCSwiftPackageProductDependency;
			package = 2039B4052C2920BF006A6B6D /* XCRemoteSwiftPackageReference "MenuBarExtraAccess" */;
			productName = MenuBarExtraAccess;
		};
		20CB68BD2A2D9033001C73B9 /* SwiftLintPlugin */ = {
			isa = XCSwiftPackageProductDependency;
			package = 20CB68BC2A2D9029001C73B9 /* XCRemoteSwiftPackageReference "SwiftLint" */;
			productName = "plugin:SwiftLintPlugin";
		};
/* End XCSwiftPackageProductDependency section */
	};
	rootObject = 2023ED9B1C4ED09C0087FD67 /* Project object */;
}
