{
  "pins" : [
    {
      "identity" : "launchatlogin",
      "kind" : "remoteSourceControl",
      "location" : "https://github.com/sindresorhus/LaunchAtLogin",
      "state" : {
        "revision" : "e8171b3e38a2816f579f58f3dac1522aa39efe41",
        "version" : "4.2.0"
      }
    },
    {
      "identity" : "reachability.swift",
      "kind" : "remoteSourceControl",
      "location" : "https://github.com/ashleymills/Reachability.swift",
      "state" : {
        "revision" : "c01bbdf2d633cf049ae1ed1a68a2020a8bda32e2",
        "version" : "5.1.0"
      }
    }
  ],
  "version" : 2
}
